
Microsoft Visual Studio Solution File, Format Version 12.00
# Visual Studio Version 16
VisualStudioVersion = 16.0.29709.97
MinimumVisualStudioVersion = 10.0.40219.1
Project("{FAE04EC0-301F-11D3-BF4B-00C04F79EFBC}") = "WiredBrain.Web", "WiredBrain.Web\WiredBrain.Web.csproj", "{46D2BC1A-4EF7-4458-B52F-ECF421CB50DD}"
EndProject
Project("{FAE04EC0-301F-11D3-BF4B-00C04F79EFBC}") = "WiredBrain.Tests", "WiredBrain.Tests\WiredBrain.Tests.csproj", "{3C15DF54-6B6A-4AC8-8493-A4D3ADF12CC3}"
EndProject
Global
	GlobalSection(SolutionConfigurationPlatforms) = preSolution
		Debug|Any CPU = Debug|Any CPU
		Release|Any CPU = Release|Any CPU
	EndGlobalSection
	GlobalSection(ProjectConfigurationPlatforms) = postSolution
		{46D2BC1A-4EF7-4458-B52F-ECF421CB50DD}.Debug|Any CPU.ActiveCfg = Debug|Any CPU
		{46D2BC1A-4EF7-4458-B52F-ECF421CB50DD}.Debug|Any CPU.Build.0 = Debug|Any CPU
		{46D2BC1A-4EF7-4458-B52F-ECF421CB50DD}.Release|Any CPU.ActiveCfg = Release|Any CPU
		{46D2BC1A-4EF7-4458-B52F-ECF421CB50DD}.Release|Any CPU.Build.0 = Release|Any CPU
		{3C15DF54-6B6A-4AC8-8493-A4D3ADF12CC3}.Debug|Any CPU.ActiveCfg = Debug|Any CPU
		{3C15DF54-6B6A-4AC8-8493-A4D3ADF12CC3}.Debug|Any CPU.Build.0 = Debug|Any CPU
		{3C15DF54-6B6A-4AC8-8493-A4D3ADF12CC3}.Release|Any CPU.ActiveCfg = Release|Any CPU
		{3C15DF54-6B6A-4AC8-8493-A4D3ADF12CC3}.Release|Any CPU.Build.0 = Release|Any CPU
	EndGlobalSection
	GlobalSection(SolutionProperties) = preSolution
		HideSolutionNode = FALSE
	EndGlobalSection
	GlobalSection(ExtensibilityGlobals) = postSolution
		SolutionGuid = {0A2FAE3B-D6C9-4EB1-8273-6FF8E0497EFB}
	EndGlobalSection
EndGlobal
