
Microsoft Visual Studio Solution File, Format Version 12.00
# Visual Studio 15
VisualStudioVersion = 15.0.26124.0
MinimumVisualStudioVersion = 15.0.26124.0
Project("{FAE04EC0-301F-11D3-BF4B-00C04F79EFBC}") = "Section1.LearnToCreateReportsWithPagination", "Section1.LearnToCreateReportsWithPagination\Section1.LearnToCreateReportsWithPagination.csproj", "{A064812F-C82D-4253-8553-3D04D4E639C3}"
EndProject
Project("{FAE04EC0-301F-11D3-BF4B-00C04F79EFBC}") = "Section1.UsingSubquery", "Section1.UsingSubquery\Section1.UsingSubquery.csproj", "{BD7002D2-5812-46B7-AFDE-E634F855B3B1}"
EndProject
Project("{FAE04EC0-301F-11D3-BF4B-00C04F79EFBC}") = "Section1.CustomersThatHaveBoughtTheMostExpensiveProduct", "Section1.CustomersThatHaveBoughtTheMostExpensiveProduct\Section1.CustomersThatHaveBoughtTheMostExpensiveProduct.csproj", "{3B243E0B-9472-4CCA-9D5D-EB2019ABCA34}"
EndProject
Global
	GlobalSection(SolutionConfigurationPlatforms) = preSolution
		Debug|Any CPU = Debug|Any CPU
		Debug|x64 = Debug|x64
		Debug|x86 = Debug|x86
		Release|Any CPU = Release|Any CPU
		Release|x64 = Release|x64
		Release|x86 = Release|x86
	EndGlobalSection
	GlobalSection(SolutionProperties) = preSolution
		HideSolutionNode = FALSE
	EndGlobalSection
	GlobalSection(ProjectConfigurationPlatforms) = postSolution
		{A064812F-C82D-4253-8553-3D04D4E639C3}.Debug|Any CPU.ActiveCfg = Debug|Any CPU
		{A064812F-C82D-4253-8553-3D04D4E639C3}.Debug|Any CPU.Build.0 = Debug|Any CPU
		{A064812F-C82D-4253-8553-3D04D4E639C3}.Debug|x64.ActiveCfg = Debug|Any CPU
		{A064812F-C82D-4253-8553-3D04D4E639C3}.Debug|x64.Build.0 = Debug|Any CPU
		{A064812F-C82D-4253-8553-3D04D4E639C3}.Debug|x86.ActiveCfg = Debug|Any CPU
		{A064812F-C82D-4253-8553-3D04D4E639C3}.Debug|x86.Build.0 = Debug|Any CPU
		{A064812F-C82D-4253-8553-3D04D4E639C3}.Release|Any CPU.ActiveCfg = Release|Any CPU
		{A064812F-C82D-4253-8553-3D04D4E639C3}.Release|Any CPU.Build.0 = Release|Any CPU
		{A064812F-C82D-4253-8553-3D04D4E639C3}.Release|x64.ActiveCfg = Release|Any CPU
		{A064812F-C82D-4253-8553-3D04D4E639C3}.Release|x64.Build.0 = Release|Any CPU
		{A064812F-C82D-4253-8553-3D04D4E639C3}.Release|x86.ActiveCfg = Release|Any CPU
		{A064812F-C82D-4253-8553-3D04D4E639C3}.Release|x86.Build.0 = Release|Any CPU
		{BD7002D2-5812-46B7-AFDE-E634F855B3B1}.Debug|Any CPU.ActiveCfg = Debug|Any CPU
		{BD7002D2-5812-46B7-AFDE-E634F855B3B1}.Debug|Any CPU.Build.0 = Debug|Any CPU
		{BD7002D2-5812-46B7-AFDE-E634F855B3B1}.Debug|x64.ActiveCfg = Debug|Any CPU
		{BD7002D2-5812-46B7-AFDE-E634F855B3B1}.Debug|x64.Build.0 = Debug|Any CPU
		{BD7002D2-5812-46B7-AFDE-E634F855B3B1}.Debug|x86.ActiveCfg = Debug|Any CPU
		{BD7002D2-5812-46B7-AFDE-E634F855B3B1}.Debug|x86.Build.0 = Debug|Any CPU
		{BD7002D2-5812-46B7-AFDE-E634F855B3B1}.Release|Any CPU.ActiveCfg = Release|Any CPU
		{BD7002D2-5812-46B7-AFDE-E634F855B3B1}.Release|Any CPU.Build.0 = Release|Any CPU
		{BD7002D2-5812-46B7-AFDE-E634F855B3B1}.Release|x64.ActiveCfg = Release|Any CPU
		{BD7002D2-5812-46B7-AFDE-E634F855B3B1}.Release|x64.Build.0 = Release|Any CPU
		{BD7002D2-5812-46B7-AFDE-E634F855B3B1}.Release|x86.ActiveCfg = Release|Any CPU
		{BD7002D2-5812-46B7-AFDE-E634F855B3B1}.Release|x86.Build.0 = Release|Any CPU
		{3B243E0B-9472-4CCA-9D5D-EB2019ABCA34}.Debug|Any CPU.ActiveCfg = Debug|Any CPU
		{3B243E0B-9472-4CCA-9D5D-EB2019ABCA34}.Debug|Any CPU.Build.0 = Debug|Any CPU
		{3B243E0B-9472-4CCA-9D5D-EB2019ABCA34}.Debug|x64.ActiveCfg = Debug|Any CPU
		{3B243E0B-9472-4CCA-9D5D-EB2019ABCA34}.Debug|x64.Build.0 = Debug|Any CPU
		{3B243E0B-9472-4CCA-9D5D-EB2019ABCA34}.Debug|x86.ActiveCfg = Debug|Any CPU
		{3B243E0B-9472-4CCA-9D5D-EB2019ABCA34}.Debug|x86.Build.0 = Debug|Any CPU
		{3B243E0B-9472-4CCA-9D5D-EB2019ABCA34}.Release|Any CPU.ActiveCfg = Release|Any CPU
		{3B243E0B-9472-4CCA-9D5D-EB2019ABCA34}.Release|Any CPU.Build.0 = Release|Any CPU
		{3B243E0B-9472-4CCA-9D5D-EB2019ABCA34}.Release|x64.ActiveCfg = Release|Any CPU
		{3B243E0B-9472-4CCA-9D5D-EB2019ABCA34}.Release|x64.Build.0 = Release|Any CPU
		{3B243E0B-9472-4CCA-9D5D-EB2019ABCA34}.Release|x86.ActiveCfg = Release|Any CPU
		{3B243E0B-9472-4CCA-9D5D-EB2019ABCA34}.Release|x86.Build.0 = Release|Any CPU
	EndGlobalSection
EndGlobal
