
Microsoft Visual Studio Solution File, Format Version 12.00
# Visual Studio 15
VisualStudioVersion = 15.0.26124.0
MinimumVisualStudioVersion = 15.0.26124.0
Project("{FAE04EC0-301F-11D3-BF4B-00C04F79EFBC}") = "Section10.CreateAndApplyAttributes", "Section10.CreateAndApplyAttributes\Section10.CreateAndApplyAttributes.csproj", "{136C7A0A-9D5E-45EC-9BA2-F6EDC72C2F87}"
EndProject
Project("{FAE04EC0-301F-11D3-BF4B-00C04F79EFBC}") = "Section10.UsingReflection", "Section10.UsingReflection\Section10.UsingReflection.csproj", "{1932902C-F5D6-4233-8C38-17971F2CADAB}"
EndProject
Project("{FAE04EC0-301F-11D3-BF4B-00C04F79EFBC}") = "Section10.AdvancingWithReflection", "Section10.AdvancingWithReflection\Section10.AdvancingWithReflection.csproj", "{52739769-0A9C-4E44-833E-0BE00D284883}"
EndProject
Project("{FAE04EC0-301F-11D3-BF4B-00C04F79EFBC}") = "Section10.GeneratingCode", "Section10.GeneratingCode\Section10.GeneratingCode.csproj", "{792306B2-8197-4BAA-A8B2-1E53587F2EE4}"
EndProject
Project("{FAE04EC0-301F-11D3-BF4B-00C04F79EFBC}") = "Section10.ExpressionTree", "Section10.ExpressionTree\Section10.ExpressionTree.csproj", "{109DAD30-1FEF-42C4-84EC-610750A37EF3}"
EndProject
Project("{FAE04EC0-301F-11D3-BF4B-00C04F79EFBC}") = "Section10.SystemReflectionTypes", "Section10.SystemReflectionTypes\Section10.SystemReflectionTypes.csproj", "{B6004B7D-1AD4-4A9A-B395-DA0481B1081D}"
EndProject
Global
	GlobalSection(SolutionConfigurationPlatforms) = preSolution
		Debug|Any CPU = Debug|Any CPU
		Debug|x64 = Debug|x64
		Debug|x86 = Debug|x86
		Release|Any CPU = Release|Any CPU
		Release|x64 = Release|x64
		Release|x86 = Release|x86
	EndGlobalSection
	GlobalSection(SolutionProperties) = preSolution
		HideSolutionNode = FALSE
	EndGlobalSection
	GlobalSection(ProjectConfigurationPlatforms) = postSolution
		{136C7A0A-9D5E-45EC-9BA2-F6EDC72C2F87}.Debug|Any CPU.ActiveCfg = Debug|Any CPU
		{136C7A0A-9D5E-45EC-9BA2-F6EDC72C2F87}.Debug|Any CPU.Build.0 = Debug|Any CPU
		{136C7A0A-9D5E-45EC-9BA2-F6EDC72C2F87}.Debug|x64.ActiveCfg = Debug|Any CPU
		{136C7A0A-9D5E-45EC-9BA2-F6EDC72C2F87}.Debug|x64.Build.0 = Debug|Any CPU
		{136C7A0A-9D5E-45EC-9BA2-F6EDC72C2F87}.Debug|x86.ActiveCfg = Debug|Any CPU
		{136C7A0A-9D5E-45EC-9BA2-F6EDC72C2F87}.Debug|x86.Build.0 = Debug|Any CPU
		{136C7A0A-9D5E-45EC-9BA2-F6EDC72C2F87}.Release|Any CPU.ActiveCfg = Release|Any CPU
		{136C7A0A-9D5E-45EC-9BA2-F6EDC72C2F87}.Release|Any CPU.Build.0 = Release|Any CPU
		{136C7A0A-9D5E-45EC-9BA2-F6EDC72C2F87}.Release|x64.ActiveCfg = Release|Any CPU
		{136C7A0A-9D5E-45EC-9BA2-F6EDC72C2F87}.Release|x64.Build.0 = Release|Any CPU
		{136C7A0A-9D5E-45EC-9BA2-F6EDC72C2F87}.Release|x86.ActiveCfg = Release|Any CPU
		{136C7A0A-9D5E-45EC-9BA2-F6EDC72C2F87}.Release|x86.Build.0 = Release|Any CPU
		{1932902C-F5D6-4233-8C38-17971F2CADAB}.Debug|Any CPU.ActiveCfg = Debug|Any CPU
		{1932902C-F5D6-4233-8C38-17971F2CADAB}.Debug|Any CPU.Build.0 = Debug|Any CPU
		{1932902C-F5D6-4233-8C38-17971F2CADAB}.Debug|x64.ActiveCfg = Debug|Any CPU
		{1932902C-F5D6-4233-8C38-17971F2CADAB}.Debug|x64.Build.0 = Debug|Any CPU
		{1932902C-F5D6-4233-8C38-17971F2CADAB}.Debug|x86.ActiveCfg = Debug|Any CPU
		{1932902C-F5D6-4233-8C38-17971F2CADAB}.Debug|x86.Build.0 = Debug|Any CPU
		{1932902C-F5D6-4233-8C38-17971F2CADAB}.Release|Any CPU.ActiveCfg = Release|Any CPU
		{1932902C-F5D6-4233-8C38-17971F2CADAB}.Release|Any CPU.Build.0 = Release|Any CPU
		{1932902C-F5D6-4233-8C38-17971F2CADAB}.Release|x64.ActiveCfg = Release|Any CPU
		{1932902C-F5D6-4233-8C38-17971F2CADAB}.Release|x64.Build.0 = Release|Any CPU
		{1932902C-F5D6-4233-8C38-17971F2CADAB}.Release|x86.ActiveCfg = Release|Any CPU
		{1932902C-F5D6-4233-8C38-17971F2CADAB}.Release|x86.Build.0 = Release|Any CPU
		{52739769-0A9C-4E44-833E-0BE00D284883}.Debug|Any CPU.ActiveCfg = Debug|Any CPU
		{52739769-0A9C-4E44-833E-0BE00D284883}.Debug|Any CPU.Build.0 = Debug|Any CPU
		{52739769-0A9C-4E44-833E-0BE00D284883}.Debug|x64.ActiveCfg = Debug|Any CPU
		{52739769-0A9C-4E44-833E-0BE00D284883}.Debug|x64.Build.0 = Debug|Any CPU
		{52739769-0A9C-4E44-833E-0BE00D284883}.Debug|x86.ActiveCfg = Debug|Any CPU
		{52739769-0A9C-4E44-833E-0BE00D284883}.Debug|x86.Build.0 = Debug|Any CPU
		{52739769-0A9C-4E44-833E-0BE00D284883}.Release|Any CPU.ActiveCfg = Release|Any CPU
		{52739769-0A9C-4E44-833E-0BE00D284883}.Release|Any CPU.Build.0 = Release|Any CPU
		{52739769-0A9C-4E44-833E-0BE00D284883}.Release|x64.ActiveCfg = Release|Any CPU
		{52739769-0A9C-4E44-833E-0BE00D284883}.Release|x64.Build.0 = Release|Any CPU
		{52739769-0A9C-4E44-833E-0BE00D284883}.Release|x86.ActiveCfg = Release|Any CPU
		{52739769-0A9C-4E44-833E-0BE00D284883}.Release|x86.Build.0 = Release|Any CPU
		{792306B2-8197-4BAA-A8B2-1E53587F2EE4}.Debug|Any CPU.ActiveCfg = Debug|Any CPU
		{792306B2-8197-4BAA-A8B2-1E53587F2EE4}.Debug|Any CPU.Build.0 = Debug|Any CPU
		{792306B2-8197-4BAA-A8B2-1E53587F2EE4}.Debug|x64.ActiveCfg = Debug|Any CPU
		{792306B2-8197-4BAA-A8B2-1E53587F2EE4}.Debug|x64.Build.0 = Debug|Any CPU
		{792306B2-8197-4BAA-A8B2-1E53587F2EE4}.Debug|x86.ActiveCfg = Debug|Any CPU
		{792306B2-8197-4BAA-A8B2-1E53587F2EE4}.Debug|x86.Build.0 = Debug|Any CPU
		{792306B2-8197-4BAA-A8B2-1E53587F2EE4}.Release|Any CPU.ActiveCfg = Release|Any CPU
		{792306B2-8197-4BAA-A8B2-1E53587F2EE4}.Release|Any CPU.Build.0 = Release|Any CPU
		{792306B2-8197-4BAA-A8B2-1E53587F2EE4}.Release|x64.ActiveCfg = Release|Any CPU
		{792306B2-8197-4BAA-A8B2-1E53587F2EE4}.Release|x64.Build.0 = Release|Any CPU
		{792306B2-8197-4BAA-A8B2-1E53587F2EE4}.Release|x86.ActiveCfg = Release|Any CPU
		{792306B2-8197-4BAA-A8B2-1E53587F2EE4}.Release|x86.Build.0 = Release|Any CPU
		{109DAD30-1FEF-42C4-84EC-610750A37EF3}.Debug|Any CPU.ActiveCfg = Debug|Any CPU
		{109DAD30-1FEF-42C4-84EC-610750A37EF3}.Debug|Any CPU.Build.0 = Debug|Any CPU
		{109DAD30-1FEF-42C4-84EC-610750A37EF3}.Debug|x64.ActiveCfg = Debug|Any CPU
		{109DAD30-1FEF-42C4-84EC-610750A37EF3}.Debug|x64.Build.0 = Debug|Any CPU
		{109DAD30-1FEF-42C4-84EC-610750A37EF3}.Debug|x86.ActiveCfg = Debug|Any CPU
		{109DAD30-1FEF-42C4-84EC-610750A37EF3}.Debug|x86.Build.0 = Debug|Any CPU
		{109DAD30-1FEF-42C4-84EC-610750A37EF3}.Release|Any CPU.ActiveCfg = Release|Any CPU
		{109DAD30-1FEF-42C4-84EC-610750A37EF3}.Release|Any CPU.Build.0 = Release|Any CPU
		{109DAD30-1FEF-42C4-84EC-610750A37EF3}.Release|x64.ActiveCfg = Release|Any CPU
		{109DAD30-1FEF-42C4-84EC-610750A37EF3}.Release|x64.Build.0 = Release|Any CPU
		{109DAD30-1FEF-42C4-84EC-610750A37EF3}.Release|x86.ActiveCfg = Release|Any CPU
		{109DAD30-1FEF-42C4-84EC-610750A37EF3}.Release|x86.Build.0 = Release|Any CPU
		{B6004B7D-1AD4-4A9A-B395-DA0481B1081D}.Debug|Any CPU.ActiveCfg = Debug|Any CPU
		{B6004B7D-1AD4-4A9A-B395-DA0481B1081D}.Debug|Any CPU.Build.0 = Debug|Any CPU
		{B6004B7D-1AD4-4A9A-B395-DA0481B1081D}.Debug|x64.ActiveCfg = Debug|Any CPU
		{B6004B7D-1AD4-4A9A-B395-DA0481B1081D}.Debug|x64.Build.0 = Debug|Any CPU
		{B6004B7D-1AD4-4A9A-B395-DA0481B1081D}.Debug|x86.ActiveCfg = Debug|Any CPU
		{B6004B7D-1AD4-4A9A-B395-DA0481B1081D}.Debug|x86.Build.0 = Debug|Any CPU
		{B6004B7D-1AD4-4A9A-B395-DA0481B1081D}.Release|Any CPU.ActiveCfg = Release|Any CPU
		{B6004B7D-1AD4-4A9A-B395-DA0481B1081D}.Release|Any CPU.Build.0 = Release|Any CPU
		{B6004B7D-1AD4-4A9A-B395-DA0481B1081D}.Release|x64.ActiveCfg = Release|Any CPU
		{B6004B7D-1AD4-4A9A-B395-DA0481B1081D}.Release|x64.Build.0 = Release|Any CPU
		{B6004B7D-1AD4-4A9A-B395-DA0481B1081D}.Release|x86.ActiveCfg = Release|Any CPU
		{B6004B7D-1AD4-4A9A-B395-DA0481B1081D}.Release|x86.Build.0 = Release|Any CPU
	EndGlobalSection
EndGlobal
