
Microsoft Visual Studio Solution File, Format Version 12.00
# Visual Studio Version 16
VisualStudioVersion = 16.0.30330.147
MinimumVisualStudioVersion = 10.0.40219.1
Project("{FAE04EC0-301F-11D3-BF4B-00C04F79EFBC}") = "AluraCar.Grid.Android", "AluraCar.Grid\AluraCar.Grid.Android\AluraCar.Grid.Android.csproj", "{109B5158-5E1D-4C1A-A9A5-336B7F6431C6}"
EndProject
Project("{FAE04EC0-301F-11D3-BF4B-00C04F79EFBC}") = "AluraCar.Grid.iOS", "AluraCar.Grid\AluraCar.Grid.iOS\AluraCar.Grid.iOS.csproj", "{8F78A3C4-9FC0-475B-85F3-952BF40C0F3F}"
EndProject
Project("{FAE04EC0-301F-11D3-BF4B-00C04F79EFBC}") = "AluraCar.Grid", "AluraCar.Grid\AluraCar.Grid\AluraCar.Grid.csproj", "{116FFE72-BA70-4320-871A-B0425560361C}"
EndProject
Global
	GlobalSection(SolutionConfigurationPlatforms) = preSolution
		Debug|Any CPU = Debug|Any CPU
		Debug|iPhone = Debug|iPhone
		Debug|iPhoneSimulator = Debug|iPhoneSimulator
		Release|Any CPU = Release|Any CPU
		Release|iPhone = Release|iPhone
		Release|iPhoneSimulator = Release|iPhoneSimulator
	EndGlobalSection
	GlobalSection(ProjectConfigurationPlatforms) = postSolution
		{109B5158-5E1D-4C1A-A9A5-336B7F6431C6}.Debug|Any CPU.ActiveCfg = Debug|Any CPU
		{109B5158-5E1D-4C1A-A9A5-336B7F6431C6}.Debug|Any CPU.Build.0 = Debug|Any CPU
		{109B5158-5E1D-4C1A-A9A5-336B7F6431C6}.Debug|Any CPU.Deploy.0 = Debug|Any CPU
		{109B5158-5E1D-4C1A-A9A5-336B7F6431C6}.Debug|iPhone.ActiveCfg = Debug|Any CPU
		{109B5158-5E1D-4C1A-A9A5-336B7F6431C6}.Debug|iPhone.Build.0 = Debug|Any CPU
		{109B5158-5E1D-4C1A-A9A5-336B7F6431C6}.Debug|iPhone.Deploy.0 = Debug|Any CPU
		{109B5158-5E1D-4C1A-A9A5-336B7F6431C6}.Debug|iPhoneSimulator.ActiveCfg = Debug|Any CPU
		{109B5158-5E1D-4C1A-A9A5-336B7F6431C6}.Debug|iPhoneSimulator.Build.0 = Debug|Any CPU
		{109B5158-5E1D-4C1A-A9A5-336B7F6431C6}.Debug|iPhoneSimulator.Deploy.0 = Debug|Any CPU
		{109B5158-5E1D-4C1A-A9A5-336B7F6431C6}.Release|Any CPU.ActiveCfg = Release|Any CPU
		{109B5158-5E1D-4C1A-A9A5-336B7F6431C6}.Release|Any CPU.Build.0 = Release|Any CPU
		{109B5158-5E1D-4C1A-A9A5-336B7F6431C6}.Release|Any CPU.Deploy.0 = Release|Any CPU
		{109B5158-5E1D-4C1A-A9A5-336B7F6431C6}.Release|iPhone.ActiveCfg = Release|Any CPU
		{109B5158-5E1D-4C1A-A9A5-336B7F6431C6}.Release|iPhone.Build.0 = Release|Any CPU
		{109B5158-5E1D-4C1A-A9A5-336B7F6431C6}.Release|iPhone.Deploy.0 = Release|Any CPU
		{109B5158-5E1D-4C1A-A9A5-336B7F6431C6}.Release|iPhoneSimulator.ActiveCfg = Release|Any CPU
		{109B5158-5E1D-4C1A-A9A5-336B7F6431C6}.Release|iPhoneSimulator.Build.0 = Release|Any CPU
		{109B5158-5E1D-4C1A-A9A5-336B7F6431C6}.Release|iPhoneSimulator.Deploy.0 = Release|Any CPU
		{8F78A3C4-9FC0-475B-85F3-952BF40C0F3F}.Debug|Any CPU.ActiveCfg = Debug|iPhone
		{8F78A3C4-9FC0-475B-85F3-952BF40C0F3F}.Debug|Any CPU.Build.0 = Debug|iPhone
		{8F78A3C4-9FC0-475B-85F3-952BF40C0F3F}.Debug|Any CPU.Deploy.0 = Debug|iPhone
		{8F78A3C4-9FC0-475B-85F3-952BF40C0F3F}.Debug|iPhone.ActiveCfg = Debug|iPhone
		{8F78A3C4-9FC0-475B-85F3-952BF40C0F3F}.Debug|iPhone.Build.0 = Debug|iPhone
		{8F78A3C4-9FC0-475B-85F3-952BF40C0F3F}.Debug|iPhone.Deploy.0 = Debug|iPhone
		{8F78A3C4-9FC0-475B-85F3-952BF40C0F3F}.Debug|iPhoneSimulator.ActiveCfg = Debug|iPhoneSimulator
		{8F78A3C4-9FC0-475B-85F3-952BF40C0F3F}.Debug|iPhoneSimulator.Build.0 = Debug|iPhoneSimulator
		{8F78A3C4-9FC0-475B-85F3-952BF40C0F3F}.Debug|iPhoneSimulator.Deploy.0 = Debug|iPhoneSimulator
		{8F78A3C4-9FC0-475B-85F3-952BF40C0F3F}.Release|Any CPU.ActiveCfg = Release|iPhone
		{8F78A3C4-9FC0-475B-85F3-952BF40C0F3F}.Release|Any CPU.Build.0 = Release|iPhone
		{8F78A3C4-9FC0-475B-85F3-952BF40C0F3F}.Release|Any CPU.Deploy.0 = Release|iPhone
		{8F78A3C4-9FC0-475B-85F3-952BF40C0F3F}.Release|iPhone.ActiveCfg = Release|iPhone
		{8F78A3C4-9FC0-475B-85F3-952BF40C0F3F}.Release|iPhone.Build.0 = Release|iPhone
		{8F78A3C4-9FC0-475B-85F3-952BF40C0F3F}.Release|iPhone.Deploy.0 = Release|iPhone
		{8F78A3C4-9FC0-475B-85F3-952BF40C0F3F}.Release|iPhoneSimulator.ActiveCfg = Release|iPhoneSimulator
		{8F78A3C4-9FC0-475B-85F3-952BF40C0F3F}.Release|iPhoneSimulator.Build.0 = Release|iPhoneSimulator
		{8F78A3C4-9FC0-475B-85F3-952BF40C0F3F}.Release|iPhoneSimulator.Deploy.0 = Release|iPhoneSimulator
		{116FFE72-BA70-4320-871A-B0425560361C}.Debug|Any CPU.ActiveCfg = Debug|Any CPU
		{116FFE72-BA70-4320-871A-B0425560361C}.Debug|Any CPU.Build.0 = Debug|Any CPU
		{116FFE72-BA70-4320-871A-B0425560361C}.Debug|Any CPU.Deploy.0 = Debug|Any CPU
		{116FFE72-BA70-4320-871A-B0425560361C}.Debug|iPhone.ActiveCfg = Debug|Any CPU
		{116FFE72-BA70-4320-871A-B0425560361C}.Debug|iPhone.Build.0 = Debug|Any CPU
		{116FFE72-BA70-4320-871A-B0425560361C}.Debug|iPhone.Deploy.0 = Debug|Any CPU
		{116FFE72-BA70-4320-871A-B0425560361C}.Debug|iPhoneSimulator.ActiveCfg = Debug|Any CPU
		{116FFE72-BA70-4320-871A-B0425560361C}.Debug|iPhoneSimulator.Build.0 = Debug|Any CPU
		{116FFE72-BA70-4320-871A-B0425560361C}.Debug|iPhoneSimulator.Deploy.0 = Debug|Any CPU
		{116FFE72-BA70-4320-871A-B0425560361C}.Release|Any CPU.ActiveCfg = Release|Any CPU
		{116FFE72-BA70-4320-871A-B0425560361C}.Release|Any CPU.Build.0 = Release|Any CPU
		{116FFE72-BA70-4320-871A-B0425560361C}.Release|Any CPU.Deploy.0 = Release|Any CPU
		{116FFE72-BA70-4320-871A-B0425560361C}.Release|iPhone.ActiveCfg = Release|Any CPU
		{116FFE72-BA70-4320-871A-B0425560361C}.Release|iPhone.Build.0 = Release|Any CPU
		{116FFE72-BA70-4320-871A-B0425560361C}.Release|iPhone.Deploy.0 = Release|Any CPU
		{116FFE72-BA70-4320-871A-B0425560361C}.Release|iPhoneSimulator.ActiveCfg = Release|Any CPU
		{116FFE72-BA70-4320-871A-B0425560361C}.Release|iPhoneSimulator.Build.0 = Release|Any CPU
		{116FFE72-BA70-4320-871A-B0425560361C}.Release|iPhoneSimulator.Deploy.0 = Release|Any CPU
	EndGlobalSection
	GlobalSection(SolutionProperties) = preSolution
		HideSolutionNode = FALSE
	EndGlobalSection
	GlobalSection(ExtensibilityGlobals) = postSolution
		SolutionGuid = {2BE82301-ED22-4EEF-BCA3-7BB1F200111E}
	EndGlobalSection
EndGlobal
