
Microsoft Visual Studio Solution File, Format Version 12.00
# Visual Studio 15
VisualStudioVersion = 15.0.26730.16
MinimumVisualStudioVersion = 10.0.40219.1
Project("{FAE04EC0-301F-11D3-BF4B-00C04F79EFBC}") = "ArrayListExample", "estudo_csharp\ArrayListExample.csproj", "{8C399995-46A6-49DB-8A29-96FD5102161E}"
EndProject
Project("{FAE04EC0-301F-11D3-BF4B-00C04F79EFBC}") = "ListExample", "List\ListExample.csproj", "{D4F53C6A-68C6-4630-B7E6-C77D9F041DF3}"
EndProject
Project("{FAE04EC0-301F-11D3-BF4B-00C04F79EFBC}") = "HashTableExample", "HashTable\HashTableExample.csproj", "{5DCA8DD9-0F37-4DCC-AB70-B786C6CB3696}"
EndProject
Project("{FAE04EC0-301F-11D3-BF4B-00C04F79EFBC}") = "DictionaryExample", "DictionaryExample\DictionaryExample.csproj", "{6BE7832B-AF32-474A-BAE3-C33F300C5CA2}"
EndProject
Project("{FAE04EC0-301F-11D3-BF4B-00C04F79EFBC}") = "StackExample", "StackExample\StackExample.csproj", "{98413D5B-897B-40D0-AB78-85EDDB810EE2}"
EndProject
Project("{FAE04EC0-301F-11D3-BF4B-00C04F79EFBC}") = "QueueExample", "QueueExample\QueueExample.csproj", "{A67685F9-0828-4D0D-84E9-DB5E81EF63BD}"
EndProject
Project("{FAE04EC0-301F-11D3-BF4B-00C04F79EFBC}") = "LinqExample", "LinqExample\LinqExample.csproj", "{88A0145A-4A1F-40BE-BC54-745B357729DF}"
EndProject
Project("{FAE04EC0-301F-11D3-BF4B-00C04F79EFBC}") = "LinqOrderByExample", "LinqOrderByExample\LinqOrderByExample.csproj", "{97871609-2BCA-4014-AA1B-96CD97A99ADE}"
EndProject
Project("{FAE04EC0-301F-11D3-BF4B-00C04F79EFBC}") = "LinqWhereExample", "LinqWhereExample\LinqWhereExample.csproj", "{C792FA68-708B-4EF8-B6EC-36C1567AA024}"
EndProject
Project("{FAE04EC0-301F-11D3-BF4B-00C04F79EFBC}") = "LinqGroupByExample", "LinqGroupByExample\LinqGroupByExample.csproj", "{58411B4C-C94F-430B-93A2-7C14BF0F6DFC}"
EndProject
Project("{FAE04EC0-301F-11D3-BF4B-00C04F79EFBC}") = "LinqGroupByCompostoExample", "LinqGroupByCompostoExample\LinqGroupByCompostoExample.csproj", "{B12713B6-6E90-469C-804A-C6535705816B}"
EndProject
Global
	GlobalSection(SolutionConfigurationPlatforms) = preSolution
		Debug|Any CPU = Debug|Any CPU
		Release|Any CPU = Release|Any CPU
	EndGlobalSection
	GlobalSection(ProjectConfigurationPlatforms) = postSolution
		{8C399995-46A6-49DB-8A29-96FD5102161E}.Debug|Any CPU.ActiveCfg = Debug|Any CPU
		{8C399995-46A6-49DB-8A29-96FD5102161E}.Debug|Any CPU.Build.0 = Debug|Any CPU
		{8C399995-46A6-49DB-8A29-96FD5102161E}.Release|Any CPU.ActiveCfg = Release|Any CPU
		{8C399995-46A6-49DB-8A29-96FD5102161E}.Release|Any CPU.Build.0 = Release|Any CPU
		{D4F53C6A-68C6-4630-B7E6-C77D9F041DF3}.Debug|Any CPU.ActiveCfg = Debug|Any CPU
		{D4F53C6A-68C6-4630-B7E6-C77D9F041DF3}.Debug|Any CPU.Build.0 = Debug|Any CPU
		{D4F53C6A-68C6-4630-B7E6-C77D9F041DF3}.Release|Any CPU.ActiveCfg = Release|Any CPU
		{D4F53C6A-68C6-4630-B7E6-C77D9F041DF3}.Release|Any CPU.Build.0 = Release|Any CPU
		{5DCA8DD9-0F37-4DCC-AB70-B786C6CB3696}.Debug|Any CPU.ActiveCfg = Debug|Any CPU
		{5DCA8DD9-0F37-4DCC-AB70-B786C6CB3696}.Debug|Any CPU.Build.0 = Debug|Any CPU
		{5DCA8DD9-0F37-4DCC-AB70-B786C6CB3696}.Release|Any CPU.ActiveCfg = Release|Any CPU
		{5DCA8DD9-0F37-4DCC-AB70-B786C6CB3696}.Release|Any CPU.Build.0 = Release|Any CPU
		{6BE7832B-AF32-474A-BAE3-C33F300C5CA2}.Debug|Any CPU.ActiveCfg = Debug|Any CPU
		{6BE7832B-AF32-474A-BAE3-C33F300C5CA2}.Debug|Any CPU.Build.0 = Debug|Any CPU
		{6BE7832B-AF32-474A-BAE3-C33F300C5CA2}.Release|Any CPU.ActiveCfg = Release|Any CPU
		{6BE7832B-AF32-474A-BAE3-C33F300C5CA2}.Release|Any CPU.Build.0 = Release|Any CPU
		{98413D5B-897B-40D0-AB78-85EDDB810EE2}.Debug|Any CPU.ActiveCfg = Debug|Any CPU
		{98413D5B-897B-40D0-AB78-85EDDB810EE2}.Debug|Any CPU.Build.0 = Debug|Any CPU
		{98413D5B-897B-40D0-AB78-85EDDB810EE2}.Release|Any CPU.ActiveCfg = Release|Any CPU
		{98413D5B-897B-40D0-AB78-85EDDB810EE2}.Release|Any CPU.Build.0 = Release|Any CPU
		{A67685F9-0828-4D0D-84E9-DB5E81EF63BD}.Debug|Any CPU.ActiveCfg = Debug|Any CPU
		{A67685F9-0828-4D0D-84E9-DB5E81EF63BD}.Debug|Any CPU.Build.0 = Debug|Any CPU
		{A67685F9-0828-4D0D-84E9-DB5E81EF63BD}.Release|Any CPU.ActiveCfg = Release|Any CPU
		{A67685F9-0828-4D0D-84E9-DB5E81EF63BD}.Release|Any CPU.Build.0 = Release|Any CPU
		{88A0145A-4A1F-40BE-BC54-745B357729DF}.Debug|Any CPU.ActiveCfg = Debug|Any CPU
		{88A0145A-4A1F-40BE-BC54-745B357729DF}.Debug|Any CPU.Build.0 = Debug|Any CPU
		{88A0145A-4A1F-40BE-BC54-745B357729DF}.Release|Any CPU.ActiveCfg = Release|Any CPU
		{88A0145A-4A1F-40BE-BC54-745B357729DF}.Release|Any CPU.Build.0 = Release|Any CPU
		{97871609-2BCA-4014-AA1B-96CD97A99ADE}.Debug|Any CPU.ActiveCfg = Debug|Any CPU
		{97871609-2BCA-4014-AA1B-96CD97A99ADE}.Debug|Any CPU.Build.0 = Debug|Any CPU
		{97871609-2BCA-4014-AA1B-96CD97A99ADE}.Release|Any CPU.ActiveCfg = Release|Any CPU
		{97871609-2BCA-4014-AA1B-96CD97A99ADE}.Release|Any CPU.Build.0 = Release|Any CPU
		{C792FA68-708B-4EF8-B6EC-36C1567AA024}.Debug|Any CPU.ActiveCfg = Debug|Any CPU
		{C792FA68-708B-4EF8-B6EC-36C1567AA024}.Debug|Any CPU.Build.0 = Debug|Any CPU
		{C792FA68-708B-4EF8-B6EC-36C1567AA024}.Release|Any CPU.ActiveCfg = Release|Any CPU
		{C792FA68-708B-4EF8-B6EC-36C1567AA024}.Release|Any CPU.Build.0 = Release|Any CPU
		{58411B4C-C94F-430B-93A2-7C14BF0F6DFC}.Debug|Any CPU.ActiveCfg = Debug|Any CPU
		{58411B4C-C94F-430B-93A2-7C14BF0F6DFC}.Debug|Any CPU.Build.0 = Debug|Any CPU
		{58411B4C-C94F-430B-93A2-7C14BF0F6DFC}.Release|Any CPU.ActiveCfg = Release|Any CPU
		{58411B4C-C94F-430B-93A2-7C14BF0F6DFC}.Release|Any CPU.Build.0 = Release|Any CPU
		{B12713B6-6E90-469C-804A-C6535705816B}.Debug|Any CPU.ActiveCfg = Debug|Any CPU
		{B12713B6-6E90-469C-804A-C6535705816B}.Debug|Any CPU.Build.0 = Debug|Any CPU
		{B12713B6-6E90-469C-804A-C6535705816B}.Release|Any CPU.ActiveCfg = Release|Any CPU
		{B12713B6-6E90-469C-804A-C6535705816B}.Release|Any CPU.Build.0 = Release|Any CPU
	EndGlobalSection
	GlobalSection(SolutionProperties) = preSolution
		HideSolutionNode = FALSE
	EndGlobalSection
	GlobalSection(ExtensibilityGlobals) = postSolution
		SolutionGuid = {AE11FEE3-9369-4186-B182-3378806E9FF7}
	EndGlobalSection
EndGlobal
