
Microsoft Visual Studio Solution File, Format Version 12.00
# Visual Studio 15
VisualStudioVersion = 15.0.26124.0
MinimumVisualStudioVersion = 15.0.26124.0
Project("{FAE04EC0-301F-11D3-BF4B-00C04F79EFBC}") = "Section7.IntroductionToEvents", "Section7.IntroductionToEvents\Section7.IntroductionToEvents.csproj", "{3C8CF563-9FFF-4354-81D0-116F97E37748}"
EndProject
Project("{FAE04EC0-301F-11D3-BF4B-00C04F79EFBC}") = "Section7.DelegateAndLambda", "Section7.DelegateAndLambda\Section7.DelegateAndLambda.csproj", "{CE553877-CBD2-4D5F-A5DB-5DC779344536}"
EndProject
Global
	GlobalSection(SolutionConfigurationPlatforms) = preSolution
		Debug|Any CPU = Debug|Any CPU
		Debug|x64 = Debug|x64
		Debug|x86 = Debug|x86
		Release|Any CPU = Release|Any CPU
		Release|x64 = Release|x64
		Release|x86 = Release|x86
	EndGlobalSection
	GlobalSection(SolutionProperties) = preSolution
		HideSolutionNode = FALSE
	EndGlobalSection
	GlobalSection(ProjectConfigurationPlatforms) = postSolution
		{3C8CF563-9FFF-4354-81D0-116F97E37748}.Debug|Any CPU.ActiveCfg = Debug|Any CPU
		{3C8CF563-9FFF-4354-81D0-116F97E37748}.Debug|Any CPU.Build.0 = Debug|Any CPU
		{3C8CF563-9FFF-4354-81D0-116F97E37748}.Debug|x64.ActiveCfg = Debug|Any CPU
		{3C8CF563-9FFF-4354-81D0-116F97E37748}.Debug|x64.Build.0 = Debug|Any CPU
		{3C8CF563-9FFF-4354-81D0-116F97E37748}.Debug|x86.ActiveCfg = Debug|Any CPU
		{3C8CF563-9FFF-4354-81D0-116F97E37748}.Debug|x86.Build.0 = Debug|Any CPU
		{3C8CF563-9FFF-4354-81D0-116F97E37748}.Release|Any CPU.ActiveCfg = Release|Any CPU
		{3C8CF563-9FFF-4354-81D0-116F97E37748}.Release|Any CPU.Build.0 = Release|Any CPU
		{3C8CF563-9FFF-4354-81D0-116F97E37748}.Release|x64.ActiveCfg = Release|Any CPU
		{3C8CF563-9FFF-4354-81D0-116F97E37748}.Release|x64.Build.0 = Release|Any CPU
		{3C8CF563-9FFF-4354-81D0-116F97E37748}.Release|x86.ActiveCfg = Release|Any CPU
		{3C8CF563-9FFF-4354-81D0-116F97E37748}.Release|x86.Build.0 = Release|Any CPU
		{CE553877-CBD2-4D5F-A5DB-5DC779344536}.Debug|Any CPU.ActiveCfg = Debug|Any CPU
		{CE553877-CBD2-4D5F-A5DB-5DC779344536}.Debug|Any CPU.Build.0 = Debug|Any CPU
		{CE553877-CBD2-4D5F-A5DB-5DC779344536}.Debug|x64.ActiveCfg = Debug|Any CPU
		{CE553877-CBD2-4D5F-A5DB-5DC779344536}.Debug|x64.Build.0 = Debug|Any CPU
		{CE553877-CBD2-4D5F-A5DB-5DC779344536}.Debug|x86.ActiveCfg = Debug|Any CPU
		{CE553877-CBD2-4D5F-A5DB-5DC779344536}.Debug|x86.Build.0 = Debug|Any CPU
		{CE553877-CBD2-4D5F-A5DB-5DC779344536}.Release|Any CPU.ActiveCfg = Release|Any CPU
		{CE553877-CBD2-4D5F-A5DB-5DC779344536}.Release|Any CPU.Build.0 = Release|Any CPU
		{CE553877-CBD2-4D5F-A5DB-5DC779344536}.Release|x64.ActiveCfg = Release|Any CPU
		{CE553877-CBD2-4D5F-A5DB-5DC779344536}.Release|x64.Build.0 = Release|Any CPU
		{CE553877-CBD2-4D5F-A5DB-5DC779344536}.Release|x86.ActiveCfg = Release|Any CPU
		{CE553877-CBD2-4D5F-A5DB-5DC779344536}.Release|x86.Build.0 = Release|Any CPU
	EndGlobalSection
EndGlobal
