
Microsoft Visual Studio Solution File, Format Version 12.00
# Visual Studio 15
VisualStudioVersion = 15.0.26124.0
MinimumVisualStudioVersion = 15.0.26124.0
Project("{FAE04EC0-301F-11D3-BF4B-00C04F79EFBC}") = "Section7.DataProjection", "Section7.DataProjection\Section7.DataProjection.csproj", "{2DA99D70-498C-4682-95B2-ADFAEE6BC786}"
EndProject
Project("{FAE04EC0-301F-11D3-BF4B-00C04F79EFBC}") = "Section7.GroupingAndAggregation", "Section7.GroupingAndAggregation\Section7.GroupingAndAggregation.csproj", "{914948DA-AE1F-4835-9825-7CAFE13816E0}"
EndProject
Project("{FAE04EC0-301F-11D3-BF4B-00C04F79EFBC}") = "Section7.PaginationAndMethodSyntax", "Section7.PaginationAndMethodSyntax\Section7.PaginationAndMethodSyntax.csproj", "{35E8A4AE-A392-4F0E-938A-D1C7FA3A94D3}"
EndProject
Project("{FAE04EC0-301F-11D3-BF4B-00C04F79EFBC}") = "Section7.QueryingXml", "Section7.QueryingXml\Section7.QueryingXml.csproj", "{C569E545-C95B-48E6-BCBC-77D616610619}"
EndProject
Global
	GlobalSection(SolutionConfigurationPlatforms) = preSolution
		Debug|Any CPU = Debug|Any CPU
		Debug|x64 = Debug|x64
		Debug|x86 = Debug|x86
		Release|Any CPU = Release|Any CPU
		Release|x64 = Release|x64
		Release|x86 = Release|x86
	EndGlobalSection
	GlobalSection(SolutionProperties) = preSolution
		HideSolutionNode = FALSE
	EndGlobalSection
	GlobalSection(ProjectConfigurationPlatforms) = postSolution
		{2DA99D70-498C-4682-95B2-ADFAEE6BC786}.Debug|Any CPU.ActiveCfg = Debug|Any CPU
		{2DA99D70-498C-4682-95B2-ADFAEE6BC786}.Debug|Any CPU.Build.0 = Debug|Any CPU
		{2DA99D70-498C-4682-95B2-ADFAEE6BC786}.Debug|x64.ActiveCfg = Debug|Any CPU
		{2DA99D70-498C-4682-95B2-ADFAEE6BC786}.Debug|x64.Build.0 = Debug|Any CPU
		{2DA99D70-498C-4682-95B2-ADFAEE6BC786}.Debug|x86.ActiveCfg = Debug|Any CPU
		{2DA99D70-498C-4682-95B2-ADFAEE6BC786}.Debug|x86.Build.0 = Debug|Any CPU
		{2DA99D70-498C-4682-95B2-ADFAEE6BC786}.Release|Any CPU.ActiveCfg = Release|Any CPU
		{2DA99D70-498C-4682-95B2-ADFAEE6BC786}.Release|Any CPU.Build.0 = Release|Any CPU
		{2DA99D70-498C-4682-95B2-ADFAEE6BC786}.Release|x64.ActiveCfg = Release|Any CPU
		{2DA99D70-498C-4682-95B2-ADFAEE6BC786}.Release|x64.Build.0 = Release|Any CPU
		{2DA99D70-498C-4682-95B2-ADFAEE6BC786}.Release|x86.ActiveCfg = Release|Any CPU
		{2DA99D70-498C-4682-95B2-ADFAEE6BC786}.Release|x86.Build.0 = Release|Any CPU
		{914948DA-AE1F-4835-9825-7CAFE13816E0}.Debug|Any CPU.ActiveCfg = Debug|Any CPU
		{914948DA-AE1F-4835-9825-7CAFE13816E0}.Debug|Any CPU.Build.0 = Debug|Any CPU
		{914948DA-AE1F-4835-9825-7CAFE13816E0}.Debug|x64.ActiveCfg = Debug|Any CPU
		{914948DA-AE1F-4835-9825-7CAFE13816E0}.Debug|x64.Build.0 = Debug|Any CPU
		{914948DA-AE1F-4835-9825-7CAFE13816E0}.Debug|x86.ActiveCfg = Debug|Any CPU
		{914948DA-AE1F-4835-9825-7CAFE13816E0}.Debug|x86.Build.0 = Debug|Any CPU
		{914948DA-AE1F-4835-9825-7CAFE13816E0}.Release|Any CPU.ActiveCfg = Release|Any CPU
		{914948DA-AE1F-4835-9825-7CAFE13816E0}.Release|Any CPU.Build.0 = Release|Any CPU
		{914948DA-AE1F-4835-9825-7CAFE13816E0}.Release|x64.ActiveCfg = Release|Any CPU
		{914948DA-AE1F-4835-9825-7CAFE13816E0}.Release|x64.Build.0 = Release|Any CPU
		{914948DA-AE1F-4835-9825-7CAFE13816E0}.Release|x86.ActiveCfg = Release|Any CPU
		{914948DA-AE1F-4835-9825-7CAFE13816E0}.Release|x86.Build.0 = Release|Any CPU
		{35E8A4AE-A392-4F0E-938A-D1C7FA3A94D3}.Debug|Any CPU.ActiveCfg = Debug|Any CPU
		{35E8A4AE-A392-4F0E-938A-D1C7FA3A94D3}.Debug|Any CPU.Build.0 = Debug|Any CPU
		{35E8A4AE-A392-4F0E-938A-D1C7FA3A94D3}.Debug|x64.ActiveCfg = Debug|Any CPU
		{35E8A4AE-A392-4F0E-938A-D1C7FA3A94D3}.Debug|x64.Build.0 = Debug|Any CPU
		{35E8A4AE-A392-4F0E-938A-D1C7FA3A94D3}.Debug|x86.ActiveCfg = Debug|Any CPU
		{35E8A4AE-A392-4F0E-938A-D1C7FA3A94D3}.Debug|x86.Build.0 = Debug|Any CPU
		{35E8A4AE-A392-4F0E-938A-D1C7FA3A94D3}.Release|Any CPU.ActiveCfg = Release|Any CPU
		{35E8A4AE-A392-4F0E-938A-D1C7FA3A94D3}.Release|Any CPU.Build.0 = Release|Any CPU
		{35E8A4AE-A392-4F0E-938A-D1C7FA3A94D3}.Release|x64.ActiveCfg = Release|Any CPU
		{35E8A4AE-A392-4F0E-938A-D1C7FA3A94D3}.Release|x64.Build.0 = Release|Any CPU
		{35E8A4AE-A392-4F0E-938A-D1C7FA3A94D3}.Release|x86.ActiveCfg = Release|Any CPU
		{35E8A4AE-A392-4F0E-938A-D1C7FA3A94D3}.Release|x86.Build.0 = Release|Any CPU
		{C569E545-C95B-48E6-BCBC-77D616610619}.Debug|Any CPU.ActiveCfg = Debug|Any CPU
		{C569E545-C95B-48E6-BCBC-77D616610619}.Debug|Any CPU.Build.0 = Debug|Any CPU
		{C569E545-C95B-48E6-BCBC-77D616610619}.Debug|x64.ActiveCfg = Debug|Any CPU
		{C569E545-C95B-48E6-BCBC-77D616610619}.Debug|x64.Build.0 = Debug|Any CPU
		{C569E545-C95B-48E6-BCBC-77D616610619}.Debug|x86.ActiveCfg = Debug|Any CPU
		{C569E545-C95B-48E6-BCBC-77D616610619}.Debug|x86.Build.0 = Debug|Any CPU
		{C569E545-C95B-48E6-BCBC-77D616610619}.Release|Any CPU.ActiveCfg = Release|Any CPU
		{C569E545-C95B-48E6-BCBC-77D616610619}.Release|Any CPU.Build.0 = Release|Any CPU
		{C569E545-C95B-48E6-BCBC-77D616610619}.Release|x64.ActiveCfg = Release|Any CPU
		{C569E545-C95B-48E6-BCBC-77D616610619}.Release|x64.Build.0 = Release|Any CPU
		{C569E545-C95B-48E6-BCBC-77D616610619}.Release|x86.ActiveCfg = Release|Any CPU
		{C569E545-C95B-48E6-BCBC-77D616610619}.Release|x86.Build.0 = Release|Any CPU
	EndGlobalSection
EndGlobal
