
Microsoft Visual Studio Solution File, Format Version 12.00
# Visual Studio 15
VisualStudioVersion = 15.0.26124.0
MinimumVisualStudioVersion = 15.0.26124.0
Project("{FAE04EC0-301F-11D3-BF4B-00C04F79EFBC}") = "Section12.ValidateSecurity", "Section12.ValidateSecurity\Section12.ValidateSecurity.csproj", "{CAFE8A5E-6EA6-4D81-889D-7039AFF17B17}"
EndProject
Project("{FAE04EC0-301F-11D3-BF4B-00C04F79EFBC}") = "Section12.ChoosingProperCollection", "Section12.ChoosingProperCollection\Section12.ChoosingProperCollection.csproj", "{7444B9C4-0944-485E-8445-2F0D2F73E7B9}"
EndProject
Project("{FAE04EC0-301F-11D3-BF4B-00C04F79EFBC}") = "Section12.ValidatingDataWithRegularExpression", "Section12.ValidatingDataWithRegularExpression\Section12.ValidatingDataWithRegularExpression.csproj", "{9EC1E5DF-B833-40DB-89E1-909516EC6EF7}"
EndProject
Project("{FAE04EC0-301F-11D3-BF4B-00C04F79EFBC}") = "Section12.InternalFunctionsForValidateTypesAndContentsMvc", "Section12.InternalFunctionsForValidateTypesAndContentsMvc\Section12.InternalFunctionsForValidateTypesAndContentsMvc.csproj", "{B3F67DE8-361B-4434-8EE8-1C56D13F110D}"
EndProject
Project("{FAE04EC0-301F-11D3-BF4B-00C04F79EFBC}") = "Section12.InternalFunctionsForValidateTypesAndContentsConsole", "Section12.InternalFunctionsForValidateTypesAndContentsConsole\Section12.InternalFunctionsForValidateTypesAndContentsConsole.csproj", "{973A9B0D-826E-4B7B-B589-6149025B7630}"
EndProject
Project("{FAE04EC0-301F-11D3-BF4B-00C04F79EFBC}") = "Section12.SymmetricAndAsymmetricEncryption", "Section12.SymmetricAndAsymmetricEncryption\Section12.SymmetricAndAsymmetricEncryption.csproj", "{0E008D4E-183E-4428-BBC1-5A4CC838DE0D}"
EndProject
Project("{FAE04EC0-301F-11D3-BF4B-00C04F79EFBC}") = "Section12.ManagingKeys", "Section12.ManagingKeys\Section12.ManagingKeys.csproj", "{6943CFB0-71C7-4DA5-AA84-27719FE24112}"
EndProject
Project("{FAE04EC0-301F-11D3-BF4B-00C04F79EFBC}") = "Section12.ManageAndCreateCertified", "Section12.ManageAndCreateCertified\Section12.ManageAndCreateCertified.csproj", "{7D5CC7C3-F7F2-4BCE-A307-D47CB38314BF}"
EndProject
Global
	GlobalSection(SolutionConfigurationPlatforms) = preSolution
		Debug|Any CPU = Debug|Any CPU
		Debug|x64 = Debug|x64
		Debug|x86 = Debug|x86
		Release|Any CPU = Release|Any CPU
		Release|x64 = Release|x64
		Release|x86 = Release|x86
	EndGlobalSection
	GlobalSection(SolutionProperties) = preSolution
		HideSolutionNode = FALSE
	EndGlobalSection
	GlobalSection(ProjectConfigurationPlatforms) = postSolution
		{CAFE8A5E-6EA6-4D81-889D-7039AFF17B17}.Debug|Any CPU.ActiveCfg = Debug|Any CPU
		{CAFE8A5E-6EA6-4D81-889D-7039AFF17B17}.Debug|Any CPU.Build.0 = Debug|Any CPU
		{CAFE8A5E-6EA6-4D81-889D-7039AFF17B17}.Debug|x64.ActiveCfg = Debug|Any CPU
		{CAFE8A5E-6EA6-4D81-889D-7039AFF17B17}.Debug|x64.Build.0 = Debug|Any CPU
		{CAFE8A5E-6EA6-4D81-889D-7039AFF17B17}.Debug|x86.ActiveCfg = Debug|Any CPU
		{CAFE8A5E-6EA6-4D81-889D-7039AFF17B17}.Debug|x86.Build.0 = Debug|Any CPU
		{CAFE8A5E-6EA6-4D81-889D-7039AFF17B17}.Release|Any CPU.ActiveCfg = Release|Any CPU
		{CAFE8A5E-6EA6-4D81-889D-7039AFF17B17}.Release|Any CPU.Build.0 = Release|Any CPU
		{CAFE8A5E-6EA6-4D81-889D-7039AFF17B17}.Release|x64.ActiveCfg = Release|Any CPU
		{CAFE8A5E-6EA6-4D81-889D-7039AFF17B17}.Release|x64.Build.0 = Release|Any CPU
		{CAFE8A5E-6EA6-4D81-889D-7039AFF17B17}.Release|x86.ActiveCfg = Release|Any CPU
		{CAFE8A5E-6EA6-4D81-889D-7039AFF17B17}.Release|x86.Build.0 = Release|Any CPU
		{7444B9C4-0944-485E-8445-2F0D2F73E7B9}.Debug|Any CPU.ActiveCfg = Debug|Any CPU
		{7444B9C4-0944-485E-8445-2F0D2F73E7B9}.Debug|Any CPU.Build.0 = Debug|Any CPU
		{7444B9C4-0944-485E-8445-2F0D2F73E7B9}.Debug|x64.ActiveCfg = Debug|Any CPU
		{7444B9C4-0944-485E-8445-2F0D2F73E7B9}.Debug|x64.Build.0 = Debug|Any CPU
		{7444B9C4-0944-485E-8445-2F0D2F73E7B9}.Debug|x86.ActiveCfg = Debug|Any CPU
		{7444B9C4-0944-485E-8445-2F0D2F73E7B9}.Debug|x86.Build.0 = Debug|Any CPU
		{7444B9C4-0944-485E-8445-2F0D2F73E7B9}.Release|Any CPU.ActiveCfg = Release|Any CPU
		{7444B9C4-0944-485E-8445-2F0D2F73E7B9}.Release|Any CPU.Build.0 = Release|Any CPU
		{7444B9C4-0944-485E-8445-2F0D2F73E7B9}.Release|x64.ActiveCfg = Release|Any CPU
		{7444B9C4-0944-485E-8445-2F0D2F73E7B9}.Release|x64.Build.0 = Release|Any CPU
		{7444B9C4-0944-485E-8445-2F0D2F73E7B9}.Release|x86.ActiveCfg = Release|Any CPU
		{7444B9C4-0944-485E-8445-2F0D2F73E7B9}.Release|x86.Build.0 = Release|Any CPU
		{9EC1E5DF-B833-40DB-89E1-909516EC6EF7}.Debug|Any CPU.ActiveCfg = Debug|Any CPU
		{9EC1E5DF-B833-40DB-89E1-909516EC6EF7}.Debug|Any CPU.Build.0 = Debug|Any CPU
		{9EC1E5DF-B833-40DB-89E1-909516EC6EF7}.Debug|x64.ActiveCfg = Debug|Any CPU
		{9EC1E5DF-B833-40DB-89E1-909516EC6EF7}.Debug|x64.Build.0 = Debug|Any CPU
		{9EC1E5DF-B833-40DB-89E1-909516EC6EF7}.Debug|x86.ActiveCfg = Debug|Any CPU
		{9EC1E5DF-B833-40DB-89E1-909516EC6EF7}.Debug|x86.Build.0 = Debug|Any CPU
		{9EC1E5DF-B833-40DB-89E1-909516EC6EF7}.Release|Any CPU.ActiveCfg = Release|Any CPU
		{9EC1E5DF-B833-40DB-89E1-909516EC6EF7}.Release|Any CPU.Build.0 = Release|Any CPU
		{9EC1E5DF-B833-40DB-89E1-909516EC6EF7}.Release|x64.ActiveCfg = Release|Any CPU
		{9EC1E5DF-B833-40DB-89E1-909516EC6EF7}.Release|x64.Build.0 = Release|Any CPU
		{9EC1E5DF-B833-40DB-89E1-909516EC6EF7}.Release|x86.ActiveCfg = Release|Any CPU
		{9EC1E5DF-B833-40DB-89E1-909516EC6EF7}.Release|x86.Build.0 = Release|Any CPU
		{B3F67DE8-361B-4434-8EE8-1C56D13F110D}.Debug|Any CPU.ActiveCfg = Debug|Any CPU
		{B3F67DE8-361B-4434-8EE8-1C56D13F110D}.Debug|Any CPU.Build.0 = Debug|Any CPU
		{B3F67DE8-361B-4434-8EE8-1C56D13F110D}.Debug|x64.ActiveCfg = Debug|Any CPU
		{B3F67DE8-361B-4434-8EE8-1C56D13F110D}.Debug|x64.Build.0 = Debug|Any CPU
		{B3F67DE8-361B-4434-8EE8-1C56D13F110D}.Debug|x86.ActiveCfg = Debug|Any CPU
		{B3F67DE8-361B-4434-8EE8-1C56D13F110D}.Debug|x86.Build.0 = Debug|Any CPU
		{B3F67DE8-361B-4434-8EE8-1C56D13F110D}.Release|Any CPU.ActiveCfg = Release|Any CPU
		{B3F67DE8-361B-4434-8EE8-1C56D13F110D}.Release|Any CPU.Build.0 = Release|Any CPU
		{B3F67DE8-361B-4434-8EE8-1C56D13F110D}.Release|x64.ActiveCfg = Release|Any CPU
		{B3F67DE8-361B-4434-8EE8-1C56D13F110D}.Release|x64.Build.0 = Release|Any CPU
		{B3F67DE8-361B-4434-8EE8-1C56D13F110D}.Release|x86.ActiveCfg = Release|Any CPU
		{B3F67DE8-361B-4434-8EE8-1C56D13F110D}.Release|x86.Build.0 = Release|Any CPU
		{973A9B0D-826E-4B7B-B589-6149025B7630}.Debug|Any CPU.ActiveCfg = Debug|Any CPU
		{973A9B0D-826E-4B7B-B589-6149025B7630}.Debug|Any CPU.Build.0 = Debug|Any CPU
		{973A9B0D-826E-4B7B-B589-6149025B7630}.Debug|x64.ActiveCfg = Debug|Any CPU
		{973A9B0D-826E-4B7B-B589-6149025B7630}.Debug|x64.Build.0 = Debug|Any CPU
		{973A9B0D-826E-4B7B-B589-6149025B7630}.Debug|x86.ActiveCfg = Debug|Any CPU
		{973A9B0D-826E-4B7B-B589-6149025B7630}.Debug|x86.Build.0 = Debug|Any CPU
		{973A9B0D-826E-4B7B-B589-6149025B7630}.Release|Any CPU.ActiveCfg = Release|Any CPU
		{973A9B0D-826E-4B7B-B589-6149025B7630}.Release|Any CPU.Build.0 = Release|Any CPU
		{973A9B0D-826E-4B7B-B589-6149025B7630}.Release|x64.ActiveCfg = Release|Any CPU
		{973A9B0D-826E-4B7B-B589-6149025B7630}.Release|x64.Build.0 = Release|Any CPU
		{973A9B0D-826E-4B7B-B589-6149025B7630}.Release|x86.ActiveCfg = Release|Any CPU
		{973A9B0D-826E-4B7B-B589-6149025B7630}.Release|x86.Build.0 = Release|Any CPU
		{0E008D4E-183E-4428-BBC1-5A4CC838DE0D}.Debug|Any CPU.ActiveCfg = Debug|Any CPU
		{0E008D4E-183E-4428-BBC1-5A4CC838DE0D}.Debug|Any CPU.Build.0 = Debug|Any CPU
		{0E008D4E-183E-4428-BBC1-5A4CC838DE0D}.Debug|x64.ActiveCfg = Debug|Any CPU
		{0E008D4E-183E-4428-BBC1-5A4CC838DE0D}.Debug|x64.Build.0 = Debug|Any CPU
		{0E008D4E-183E-4428-BBC1-5A4CC838DE0D}.Debug|x86.ActiveCfg = Debug|Any CPU
		{0E008D4E-183E-4428-BBC1-5A4CC838DE0D}.Debug|x86.Build.0 = Debug|Any CPU
		{0E008D4E-183E-4428-BBC1-5A4CC838DE0D}.Release|Any CPU.ActiveCfg = Release|Any CPU
		{0E008D4E-183E-4428-BBC1-5A4CC838DE0D}.Release|Any CPU.Build.0 = Release|Any CPU
		{0E008D4E-183E-4428-BBC1-5A4CC838DE0D}.Release|x64.ActiveCfg = Release|Any CPU
		{0E008D4E-183E-4428-BBC1-5A4CC838DE0D}.Release|x64.Build.0 = Release|Any CPU
		{0E008D4E-183E-4428-BBC1-5A4CC838DE0D}.Release|x86.ActiveCfg = Release|Any CPU
		{0E008D4E-183E-4428-BBC1-5A4CC838DE0D}.Release|x86.Build.0 = Release|Any CPU
		{6943CFB0-71C7-4DA5-AA84-27719FE24112}.Debug|Any CPU.ActiveCfg = Debug|Any CPU
		{6943CFB0-71C7-4DA5-AA84-27719FE24112}.Debug|Any CPU.Build.0 = Debug|Any CPU
		{6943CFB0-71C7-4DA5-AA84-27719FE24112}.Debug|x64.ActiveCfg = Debug|Any CPU
		{6943CFB0-71C7-4DA5-AA84-27719FE24112}.Debug|x64.Build.0 = Debug|Any CPU
		{6943CFB0-71C7-4DA5-AA84-27719FE24112}.Debug|x86.ActiveCfg = Debug|Any CPU
		{6943CFB0-71C7-4DA5-AA84-27719FE24112}.Debug|x86.Build.0 = Debug|Any CPU
		{6943CFB0-71C7-4DA5-AA84-27719FE24112}.Release|Any CPU.ActiveCfg = Release|Any CPU
		{6943CFB0-71C7-4DA5-AA84-27719FE24112}.Release|Any CPU.Build.0 = Release|Any CPU
		{6943CFB0-71C7-4DA5-AA84-27719FE24112}.Release|x64.ActiveCfg = Release|Any CPU
		{6943CFB0-71C7-4DA5-AA84-27719FE24112}.Release|x64.Build.0 = Release|Any CPU
		{6943CFB0-71C7-4DA5-AA84-27719FE24112}.Release|x86.ActiveCfg = Release|Any CPU
		{6943CFB0-71C7-4DA5-AA84-27719FE24112}.Release|x86.Build.0 = Release|Any CPU
		{7D5CC7C3-F7F2-4BCE-A307-D47CB38314BF}.Debug|Any CPU.ActiveCfg = Debug|Any CPU
		{7D5CC7C3-F7F2-4BCE-A307-D47CB38314BF}.Debug|Any CPU.Build.0 = Debug|Any CPU
		{7D5CC7C3-F7F2-4BCE-A307-D47CB38314BF}.Debug|x64.ActiveCfg = Debug|Any CPU
		{7D5CC7C3-F7F2-4BCE-A307-D47CB38314BF}.Debug|x64.Build.0 = Debug|Any CPU
		{7D5CC7C3-F7F2-4BCE-A307-D47CB38314BF}.Debug|x86.ActiveCfg = Debug|Any CPU
		{7D5CC7C3-F7F2-4BCE-A307-D47CB38314BF}.Debug|x86.Build.0 = Debug|Any CPU
		{7D5CC7C3-F7F2-4BCE-A307-D47CB38314BF}.Release|Any CPU.ActiveCfg = Release|Any CPU
		{7D5CC7C3-F7F2-4BCE-A307-D47CB38314BF}.Release|Any CPU.Build.0 = Release|Any CPU
		{7D5CC7C3-F7F2-4BCE-A307-D47CB38314BF}.Release|x64.ActiveCfg = Release|Any CPU
		{7D5CC7C3-F7F2-4BCE-A307-D47CB38314BF}.Release|x64.Build.0 = Release|Any CPU
		{7D5CC7C3-F7F2-4BCE-A307-D47CB38314BF}.Release|x86.ActiveCfg = Release|Any CPU
		{7D5CC7C3-F7F2-4BCE-A307-D47CB38314BF}.Release|x86.Build.0 = Release|Any CPU
	EndGlobalSection
EndGlobal
