
Microsoft Visual Studio Solution File, Format Version 12.00
# Visual Studio Version 16
VisualStudioVersion = 16.0.30330.147
MinimumVisualStudioVersion = 10.0.40219.1
Project("{FAE04EC0-301F-11D3-BF4B-00C04F79EFBC}") = "AluraCar.ListView.Android", "AluraCar.ListView\AluraCar.ListView.Android\AluraCar.ListView.Android.csproj", "{3B15CA30-6F15-4C41-8804-4E1F83BC472A}"
EndProject
Project("{FAE04EC0-301F-11D3-BF4B-00C04F79EFBC}") = "AluraCar.ListView.iOS", "AluraCar.ListView\AluraCar.ListView.iOS\AluraCar.ListView.iOS.csproj", "{70E79BE4-D517-498D-9D51-9E5D169F7D3A}"
EndProject
Project("{FAE04EC0-301F-11D3-BF4B-00C04F79EFBC}") = "AluraCar.ListView", "AluraCar.ListView\AluraCar.ListView\AluraCar.ListView.csproj", "{DB628513-55E8-4652-B591-71444034E564}"
EndProject
Global
	GlobalSection(SolutionConfigurationPlatforms) = preSolution
		Debug|Any CPU = Debug|Any CPU
		Debug|iPhone = Debug|iPhone
		Debug|iPhoneSimulator = Debug|iPhoneSimulator
		Release|Any CPU = Release|Any CPU
		Release|iPhone = Release|iPhone
		Release|iPhoneSimulator = Release|iPhoneSimulator
	EndGlobalSection
	GlobalSection(ProjectConfigurationPlatforms) = postSolution
		{3B15CA30-6F15-4C41-8804-4E1F83BC472A}.Debug|Any CPU.ActiveCfg = Debug|Any CPU
		{3B15CA30-6F15-4C41-8804-4E1F83BC472A}.Debug|Any CPU.Build.0 = Debug|Any CPU
		{3B15CA30-6F15-4C41-8804-4E1F83BC472A}.Debug|Any CPU.Deploy.0 = Debug|Any CPU
		{3B15CA30-6F15-4C41-8804-4E1F83BC472A}.Debug|iPhone.ActiveCfg = Debug|Any CPU
		{3B15CA30-6F15-4C41-8804-4E1F83BC472A}.Debug|iPhone.Build.0 = Debug|Any CPU
		{3B15CA30-6F15-4C41-8804-4E1F83BC472A}.Debug|iPhone.Deploy.0 = Debug|Any CPU
		{3B15CA30-6F15-4C41-8804-4E1F83BC472A}.Debug|iPhoneSimulator.ActiveCfg = Debug|Any CPU
		{3B15CA30-6F15-4C41-8804-4E1F83BC472A}.Debug|iPhoneSimulator.Build.0 = Debug|Any CPU
		{3B15CA30-6F15-4C41-8804-4E1F83BC472A}.Debug|iPhoneSimulator.Deploy.0 = Debug|Any CPU
		{3B15CA30-6F15-4C41-8804-4E1F83BC472A}.Release|Any CPU.ActiveCfg = Release|Any CPU
		{3B15CA30-6F15-4C41-8804-4E1F83BC472A}.Release|Any CPU.Build.0 = Release|Any CPU
		{3B15CA30-6F15-4C41-8804-4E1F83BC472A}.Release|Any CPU.Deploy.0 = Release|Any CPU
		{3B15CA30-6F15-4C41-8804-4E1F83BC472A}.Release|iPhone.ActiveCfg = Release|Any CPU
		{3B15CA30-6F15-4C41-8804-4E1F83BC472A}.Release|iPhone.Build.0 = Release|Any CPU
		{3B15CA30-6F15-4C41-8804-4E1F83BC472A}.Release|iPhone.Deploy.0 = Release|Any CPU
		{3B15CA30-6F15-4C41-8804-4E1F83BC472A}.Release|iPhoneSimulator.ActiveCfg = Release|Any CPU
		{3B15CA30-6F15-4C41-8804-4E1F83BC472A}.Release|iPhoneSimulator.Build.0 = Release|Any CPU
		{3B15CA30-6F15-4C41-8804-4E1F83BC472A}.Release|iPhoneSimulator.Deploy.0 = Release|Any CPU
		{70E79BE4-D517-498D-9D51-9E5D169F7D3A}.Debug|Any CPU.ActiveCfg = Debug|iPhone
		{70E79BE4-D517-498D-9D51-9E5D169F7D3A}.Debug|Any CPU.Build.0 = Debug|iPhone
		{70E79BE4-D517-498D-9D51-9E5D169F7D3A}.Debug|Any CPU.Deploy.0 = Debug|iPhone
		{70E79BE4-D517-498D-9D51-9E5D169F7D3A}.Debug|iPhone.ActiveCfg = Debug|iPhone
		{70E79BE4-D517-498D-9D51-9E5D169F7D3A}.Debug|iPhone.Build.0 = Debug|iPhone
		{70E79BE4-D517-498D-9D51-9E5D169F7D3A}.Debug|iPhone.Deploy.0 = Debug|iPhone
		{70E79BE4-D517-498D-9D51-9E5D169F7D3A}.Debug|iPhoneSimulator.ActiveCfg = Debug|iPhoneSimulator
		{70E79BE4-D517-498D-9D51-9E5D169F7D3A}.Debug|iPhoneSimulator.Build.0 = Debug|iPhoneSimulator
		{70E79BE4-D517-498D-9D51-9E5D169F7D3A}.Debug|iPhoneSimulator.Deploy.0 = Debug|iPhoneSimulator
		{70E79BE4-D517-498D-9D51-9E5D169F7D3A}.Release|Any CPU.ActiveCfg = Release|iPhone
		{70E79BE4-D517-498D-9D51-9E5D169F7D3A}.Release|Any CPU.Build.0 = Release|iPhone
		{70E79BE4-D517-498D-9D51-9E5D169F7D3A}.Release|Any CPU.Deploy.0 = Release|iPhone
		{70E79BE4-D517-498D-9D51-9E5D169F7D3A}.Release|iPhone.ActiveCfg = Release|iPhone
		{70E79BE4-D517-498D-9D51-9E5D169F7D3A}.Release|iPhone.Build.0 = Release|iPhone
		{70E79BE4-D517-498D-9D51-9E5D169F7D3A}.Release|iPhone.Deploy.0 = Release|iPhone
		{70E79BE4-D517-498D-9D51-9E5D169F7D3A}.Release|iPhoneSimulator.ActiveCfg = Release|iPhoneSimulator
		{70E79BE4-D517-498D-9D51-9E5D169F7D3A}.Release|iPhoneSimulator.Build.0 = Release|iPhoneSimulator
		{70E79BE4-D517-498D-9D51-9E5D169F7D3A}.Release|iPhoneSimulator.Deploy.0 = Release|iPhoneSimulator
		{DB628513-55E8-4652-B591-71444034E564}.Debug|Any CPU.ActiveCfg = Debug|Any CPU
		{DB628513-55E8-4652-B591-71444034E564}.Debug|Any CPU.Build.0 = Debug|Any CPU
		{DB628513-55E8-4652-B591-71444034E564}.Debug|Any CPU.Deploy.0 = Debug|Any CPU
		{DB628513-55E8-4652-B591-71444034E564}.Debug|iPhone.ActiveCfg = Debug|Any CPU
		{DB628513-55E8-4652-B591-71444034E564}.Debug|iPhone.Build.0 = Debug|Any CPU
		{DB628513-55E8-4652-B591-71444034E564}.Debug|iPhone.Deploy.0 = Debug|Any CPU
		{DB628513-55E8-4652-B591-71444034E564}.Debug|iPhoneSimulator.ActiveCfg = Debug|Any CPU
		{DB628513-55E8-4652-B591-71444034E564}.Debug|iPhoneSimulator.Build.0 = Debug|Any CPU
		{DB628513-55E8-4652-B591-71444034E564}.Debug|iPhoneSimulator.Deploy.0 = Debug|Any CPU
		{DB628513-55E8-4652-B591-71444034E564}.Release|Any CPU.ActiveCfg = Release|Any CPU
		{DB628513-55E8-4652-B591-71444034E564}.Release|Any CPU.Build.0 = Release|Any CPU
		{DB628513-55E8-4652-B591-71444034E564}.Release|Any CPU.Deploy.0 = Release|Any CPU
		{DB628513-55E8-4652-B591-71444034E564}.Release|iPhone.ActiveCfg = Release|Any CPU
		{DB628513-55E8-4652-B591-71444034E564}.Release|iPhone.Build.0 = Release|Any CPU
		{DB628513-55E8-4652-B591-71444034E564}.Release|iPhone.Deploy.0 = Release|Any CPU
		{DB628513-55E8-4652-B591-71444034E564}.Release|iPhoneSimulator.ActiveCfg = Release|Any CPU
		{DB628513-55E8-4652-B591-71444034E564}.Release|iPhoneSimulator.Build.0 = Release|Any CPU
		{DB628513-55E8-4652-B591-71444034E564}.Release|iPhoneSimulator.Deploy.0 = Release|Any CPU
	EndGlobalSection
	GlobalSection(SolutionProperties) = preSolution
		HideSolutionNode = FALSE
	EndGlobalSection
	GlobalSection(ExtensibilityGlobals) = postSolution
		SolutionGuid = {4D884AD8-5146-4BEF-A353-3F0C6FC79D82}
	EndGlobalSection
EndGlobal
