
Microsoft Visual Studio Solution File, Format Version 12.00
# Visual Studio Version 16
VisualStudioVersion = 16.0.29709.97
MinimumVisualStudioVersion = 10.0.40219.1
Project("{FAE04EC0-301F-11D3-BF4B-00C04F79EFBC}") = "TheCodeCamp.WebApi", "TheCodeCamp.WebApi\TheCodeCamp.WebApi.csproj", "{7D1F90E9-58E2-4FBF-BDA6-560BD141B9C7}"
EndProject
Global
	GlobalSection(SolutionConfigurationPlatforms) = preSolution
		Debug|Any CPU = Debug|Any CPU
		Release|Any CPU = Release|Any CPU
	EndGlobalSection
	GlobalSection(ProjectConfigurationPlatforms) = postSolution
		{7D1F90E9-58E2-4FBF-BDA6-560BD141B9C7}.Debug|Any CPU.ActiveCfg = Debug|Any CPU
		{7D1F90E9-58E2-4FBF-BDA6-560BD141B9C7}.Debug|Any CPU.Build.0 = Debug|Any CPU
		{7D1F90E9-58E2-4FBF-BDA6-560BD141B9C7}.Release|Any CPU.ActiveCfg = Release|Any CPU
		{7D1F90E9-58E2-4FBF-BDA6-560BD141B9C7}.Release|Any CPU.Build.0 = Release|Any CPU
	EndGlobalSection
	GlobalSection(SolutionProperties) = preSolution
		HideSolutionNode = FALSE
	EndGlobalSection
	GlobalSection(ExtensibilityGlobals) = postSolution
		SolutionGuid = {0D8C05F3-FD16-40BC-A34D-EBD2A933C279}
	EndGlobalSection
EndGlobal
