
Microsoft Visual Studio Solution File, Format Version 12.00
# Visual Studio Version 16
VisualStudioVersion = 16.0.29709.97
MinimumVisualStudioVersion = 10.0.40219.1
Project("{FAE04EC0-301F-11D3-BF4B-00C04F79EFBC}") = "OwinDemo.Web", "OwinDemo.Web\OwinDemo.Web.csproj", "{6573C139-0770-4E43-9DC6-0AA018F902F8}"
EndProject
Project("{FAE04EC0-301F-11D3-BF4B-00C04F79EFBC}") = "OwinDemo.Hosting", "OwinDemo.Hosting\OwinDemo.Hosting.csproj", "{102D2DD5-B6BA-4C36-8B74-5B2C567B294F}"
EndProject
Project("{FAE04EC0-301F-11D3-BF4B-00C04F79EFBC}") = "OwinDemo.WithAuthorize", "OwinDemo.WithAuthorize\OwinDemo.WithAuthorize.csproj", "{48572E72-FE56-4753-8FF2-72F0F83DF798}"
EndProject
Project("{FAE04EC0-301F-11D3-BF4B-00C04F79EFBC}") = "OwinDemo.Pipeline", "OwinDemo.Pipeline\OwinDemo.Pipeline.csproj", "{79FE690E-A9D3-4445-A243-AE15C5670B04}"
EndProject
Project("{FAE04EC0-301F-11D3-BF4B-00C04F79EFBC}") = "OwinDemo.Pipeline.Test", "OwinDemo.Pipeline.Test\OwinDemo.Pipeline.Test.csproj", "{7E18D673-A784-46A2-9E73-C06F98758AEF}"
EndProject
Global
	GlobalSection(SolutionConfigurationPlatforms) = preSolution
		Debug|Any CPU = Debug|Any CPU
		Release|Any CPU = Release|Any CPU
	EndGlobalSection
	GlobalSection(ProjectConfigurationPlatforms) = postSolution
		{6573C139-0770-4E43-9DC6-0AA018F902F8}.Debug|Any CPU.ActiveCfg = Debug|Any CPU
		{6573C139-0770-4E43-9DC6-0AA018F902F8}.Debug|Any CPU.Build.0 = Debug|Any CPU
		{6573C139-0770-4E43-9DC6-0AA018F902F8}.Release|Any CPU.ActiveCfg = Release|Any CPU
		{6573C139-0770-4E43-9DC6-0AA018F902F8}.Release|Any CPU.Build.0 = Release|Any CPU
		{102D2DD5-B6BA-4C36-8B74-5B2C567B294F}.Debug|Any CPU.ActiveCfg = Debug|Any CPU
		{102D2DD5-B6BA-4C36-8B74-5B2C567B294F}.Debug|Any CPU.Build.0 = Debug|Any CPU
		{102D2DD5-B6BA-4C36-8B74-5B2C567B294F}.Release|Any CPU.ActiveCfg = Release|Any CPU
		{102D2DD5-B6BA-4C36-8B74-5B2C567B294F}.Release|Any CPU.Build.0 = Release|Any CPU
		{48572E72-FE56-4753-8FF2-72F0F83DF798}.Debug|Any CPU.ActiveCfg = Debug|Any CPU
		{48572E72-FE56-4753-8FF2-72F0F83DF798}.Debug|Any CPU.Build.0 = Debug|Any CPU
		{48572E72-FE56-4753-8FF2-72F0F83DF798}.Release|Any CPU.ActiveCfg = Release|Any CPU
		{48572E72-FE56-4753-8FF2-72F0F83DF798}.Release|Any CPU.Build.0 = Release|Any CPU
		{79FE690E-A9D3-4445-A243-AE15C5670B04}.Debug|Any CPU.ActiveCfg = Debug|Any CPU
		{79FE690E-A9D3-4445-A243-AE15C5670B04}.Debug|Any CPU.Build.0 = Debug|Any CPU
		{79FE690E-A9D3-4445-A243-AE15C5670B04}.Release|Any CPU.ActiveCfg = Release|Any CPU
		{79FE690E-A9D3-4445-A243-AE15C5670B04}.Release|Any CPU.Build.0 = Release|Any CPU
		{7E18D673-A784-46A2-9E73-C06F98758AEF}.Debug|Any CPU.ActiveCfg = Debug|Any CPU
		{7E18D673-A784-46A2-9E73-C06F98758AEF}.Debug|Any CPU.Build.0 = Debug|Any CPU
		{7E18D673-A784-46A2-9E73-C06F98758AEF}.Release|Any CPU.ActiveCfg = Release|Any CPU
		{7E18D673-A784-46A2-9E73-C06F98758AEF}.Release|Any CPU.Build.0 = Release|Any CPU
	EndGlobalSection
	GlobalSection(SolutionProperties) = preSolution
		HideSolutionNode = FALSE
	EndGlobalSection
	GlobalSection(ExtensibilityGlobals) = postSolution
		SolutionGuid = {4A816C2D-2842-483F-BDFD-1D01A7A873CC}
	EndGlobalSection
EndGlobal
