
Microsoft Visual Studio Solution File, Format Version 12.00
# Visual Studio 15
VisualStudioVersion = 15.0.26124.0
MinimumVisualStudioVersion = 15.0.26124.0
Project("{2150E333-8FDC-42A3-9474-1A3956D46DE8}") = "src", "src", "{1435C1B6-48BC-4490-8623-76B59C39797A}"
EndProject
Project("{FAE04EC0-301F-11D3-BF4B-00C04F79EFBC}") = "School.Domain", "src\School.Domain\School.Domain.csproj", "{AE4DACB1-2709-4FBA-A021-BE769058F344}"
EndProject
Project("{2150E333-8FDC-42A3-9474-1A3956D46DE8}") = "test", "test", "{8B2B4BEF-C681-424E-8003-E2C293F13315}"
EndProject
Project("{FAE04EC0-301F-11D3-BF4B-00C04F79EFBC}") = "School.Test", "test\School.Test\School.Test.csproj", "{CE1E4D1C-1C3D-4CEB-B25A-430CF9201EB8}"
EndProject
Project("{FAE04EC0-301F-11D3-BF4B-00C04F79EFBC}") = "School.Infra", "src\School.Infra\School.Infra.csproj", "{53FC60B3-AA43-465F-B45D-1224C9E3BA99}"
EndProject
Global
	GlobalSection(SolutionConfigurationPlatforms) = preSolution
		Debug|Any CPU = Debug|Any CPU
		Debug|x64 = Debug|x64
		Debug|x86 = Debug|x86
		Release|Any CPU = Release|Any CPU
		Release|x64 = Release|x64
		Release|x86 = Release|x86
	EndGlobalSection
	GlobalSection(SolutionProperties) = preSolution
		HideSolutionNode = FALSE
	EndGlobalSection
	GlobalSection(ProjectConfigurationPlatforms) = postSolution
		{AE4DACB1-2709-4FBA-A021-BE769058F344}.Debug|Any CPU.ActiveCfg = Debug|Any CPU
		{AE4DACB1-2709-4FBA-A021-BE769058F344}.Debug|Any CPU.Build.0 = Debug|Any CPU
		{AE4DACB1-2709-4FBA-A021-BE769058F344}.Debug|x64.ActiveCfg = Debug|Any CPU
		{AE4DACB1-2709-4FBA-A021-BE769058F344}.Debug|x64.Build.0 = Debug|Any CPU
		{AE4DACB1-2709-4FBA-A021-BE769058F344}.Debug|x86.ActiveCfg = Debug|Any CPU
		{AE4DACB1-2709-4FBA-A021-BE769058F344}.Debug|x86.Build.0 = Debug|Any CPU
		{AE4DACB1-2709-4FBA-A021-BE769058F344}.Release|Any CPU.ActiveCfg = Release|Any CPU
		{AE4DACB1-2709-4FBA-A021-BE769058F344}.Release|Any CPU.Build.0 = Release|Any CPU
		{AE4DACB1-2709-4FBA-A021-BE769058F344}.Release|x64.ActiveCfg = Release|Any CPU
		{AE4DACB1-2709-4FBA-A021-BE769058F344}.Release|x64.Build.0 = Release|Any CPU
		{AE4DACB1-2709-4FBA-A021-BE769058F344}.Release|x86.ActiveCfg = Release|Any CPU
		{AE4DACB1-2709-4FBA-A021-BE769058F344}.Release|x86.Build.0 = Release|Any CPU
		{CE1E4D1C-1C3D-4CEB-B25A-430CF9201EB8}.Debug|Any CPU.ActiveCfg = Debug|Any CPU
		{CE1E4D1C-1C3D-4CEB-B25A-430CF9201EB8}.Debug|Any CPU.Build.0 = Debug|Any CPU
		{CE1E4D1C-1C3D-4CEB-B25A-430CF9201EB8}.Debug|x64.ActiveCfg = Debug|Any CPU
		{CE1E4D1C-1C3D-4CEB-B25A-430CF9201EB8}.Debug|x64.Build.0 = Debug|Any CPU
		{CE1E4D1C-1C3D-4CEB-B25A-430CF9201EB8}.Debug|x86.ActiveCfg = Debug|Any CPU
		{CE1E4D1C-1C3D-4CEB-B25A-430CF9201EB8}.Debug|x86.Build.0 = Debug|Any CPU
		{CE1E4D1C-1C3D-4CEB-B25A-430CF9201EB8}.Release|Any CPU.ActiveCfg = Release|Any CPU
		{CE1E4D1C-1C3D-4CEB-B25A-430CF9201EB8}.Release|Any CPU.Build.0 = Release|Any CPU
		{CE1E4D1C-1C3D-4CEB-B25A-430CF9201EB8}.Release|x64.ActiveCfg = Release|Any CPU
		{CE1E4D1C-1C3D-4CEB-B25A-430CF9201EB8}.Release|x64.Build.0 = Release|Any CPU
		{CE1E4D1C-1C3D-4CEB-B25A-430CF9201EB8}.Release|x86.ActiveCfg = Release|Any CPU
		{CE1E4D1C-1C3D-4CEB-B25A-430CF9201EB8}.Release|x86.Build.0 = Release|Any CPU
		{53FC60B3-AA43-465F-B45D-1224C9E3BA99}.Debug|Any CPU.ActiveCfg = Debug|Any CPU
		{53FC60B3-AA43-465F-B45D-1224C9E3BA99}.Debug|Any CPU.Build.0 = Debug|Any CPU
		{53FC60B3-AA43-465F-B45D-1224C9E3BA99}.Debug|x64.ActiveCfg = Debug|Any CPU
		{53FC60B3-AA43-465F-B45D-1224C9E3BA99}.Debug|x64.Build.0 = Debug|Any CPU
		{53FC60B3-AA43-465F-B45D-1224C9E3BA99}.Debug|x86.ActiveCfg = Debug|Any CPU
		{53FC60B3-AA43-465F-B45D-1224C9E3BA99}.Debug|x86.Build.0 = Debug|Any CPU
		{53FC60B3-AA43-465F-B45D-1224C9E3BA99}.Release|Any CPU.ActiveCfg = Release|Any CPU
		{53FC60B3-AA43-465F-B45D-1224C9E3BA99}.Release|Any CPU.Build.0 = Release|Any CPU
		{53FC60B3-AA43-465F-B45D-1224C9E3BA99}.Release|x64.ActiveCfg = Release|Any CPU
		{53FC60B3-AA43-465F-B45D-1224C9E3BA99}.Release|x64.Build.0 = Release|Any CPU
		{53FC60B3-AA43-465F-B45D-1224C9E3BA99}.Release|x86.ActiveCfg = Release|Any CPU
		{53FC60B3-AA43-465F-B45D-1224C9E3BA99}.Release|x86.Build.0 = Release|Any CPU
	EndGlobalSection
	GlobalSection(NestedProjects) = preSolution
		{AE4DACB1-2709-4FBA-A021-BE769058F344} = {1435C1B6-48BC-4490-8623-76B59C39797A}
		{CE1E4D1C-1C3D-4CEB-B25A-430CF9201EB8} = {8B2B4BEF-C681-424E-8003-E2C293F13315}
		{53FC60B3-AA43-465F-B45D-1224C9E3BA99} = {1435C1B6-48BC-4490-8623-76B59C39797A}
	EndGlobalSection
EndGlobal
