
Microsoft Visual Studio Solution File, Format Version 12.00
# Visual Studio 15
VisualStudioVersion = 15.0.26124.0
MinimumVisualStudioVersion = 15.0.26124.0
Project("{FAE04EC0-301F-11D3-BF4B-00C04F79EFBC}") = "ArdalisRating", "ArdalisRating\ArdalisRating.csproj", "{D443BF04-DCCC-4FB5-93A0-290A39ECF202}"
EndProject
Project("{FAE04EC0-301F-11D3-BF4B-00C04F79EFBC}") = "ArdalisRating.SRP", "ArdalisRating.SRP\ArdalisRating.SRP.csproj", "{C92569CC-24A1-414C-8CB6-2F1DA82B5BD4}"
EndProject
Project("{FAE04EC0-301F-11D3-BF4B-00C04F79EFBC}") = "ArdalisRating.OCP", "ArdalisRating.OCP\ArdalisRating.OCP.csproj", "{A61C3466-7FB3-4505-8531-21C533CA2594}"
EndProject
Project("{FAE04EC0-301F-11D3-BF4B-00C04F79EFBC}") = "ArdalisRating.LSP", "ArdalisRating.LSP\ArdalisRating.LSP.csproj", "{15304A8B-37D8-4D07-8ADD-7350CA3E0792}"
EndProject
Project("{FAE04EC0-301F-11D3-BF4B-00C04F79EFBC}") = "ArdalisRating.ISP", "ArdalisRating.ISP\ArdalisRating.ISP.csproj", "{BD1F33B5-E5E2-453B-870D-4CDA80B676A5}"
EndProject
Global
	GlobalSection(SolutionConfigurationPlatforms) = preSolution
		Debug|Any CPU = Debug|Any CPU
		Debug|x64 = Debug|x64
		Debug|x86 = Debug|x86
		Release|Any CPU = Release|Any CPU
		Release|x64 = Release|x64
		Release|x86 = Release|x86
	EndGlobalSection
	GlobalSection(SolutionProperties) = preSolution
		HideSolutionNode = FALSE
	EndGlobalSection
	GlobalSection(ProjectConfigurationPlatforms) = postSolution
		{D443BF04-DCCC-4FB5-93A0-290A39ECF202}.Debug|Any CPU.ActiveCfg = Debug|Any CPU
		{D443BF04-DCCC-4FB5-93A0-290A39ECF202}.Debug|Any CPU.Build.0 = Debug|Any CPU
		{D443BF04-DCCC-4FB5-93A0-290A39ECF202}.Debug|x64.ActiveCfg = Debug|Any CPU
		{D443BF04-DCCC-4FB5-93A0-290A39ECF202}.Debug|x64.Build.0 = Debug|Any CPU
		{D443BF04-DCCC-4FB5-93A0-290A39ECF202}.Debug|x86.ActiveCfg = Debug|Any CPU
		{D443BF04-DCCC-4FB5-93A0-290A39ECF202}.Debug|x86.Build.0 = Debug|Any CPU
		{D443BF04-DCCC-4FB5-93A0-290A39ECF202}.Release|Any CPU.ActiveCfg = Release|Any CPU
		{D443BF04-DCCC-4FB5-93A0-290A39ECF202}.Release|Any CPU.Build.0 = Release|Any CPU
		{D443BF04-DCCC-4FB5-93A0-290A39ECF202}.Release|x64.ActiveCfg = Release|Any CPU
		{D443BF04-DCCC-4FB5-93A0-290A39ECF202}.Release|x64.Build.0 = Release|Any CPU
		{D443BF04-DCCC-4FB5-93A0-290A39ECF202}.Release|x86.ActiveCfg = Release|Any CPU
		{D443BF04-DCCC-4FB5-93A0-290A39ECF202}.Release|x86.Build.0 = Release|Any CPU
		{C92569CC-24A1-414C-8CB6-2F1DA82B5BD4}.Debug|Any CPU.ActiveCfg = Debug|Any CPU
		{C92569CC-24A1-414C-8CB6-2F1DA82B5BD4}.Debug|Any CPU.Build.0 = Debug|Any CPU
		{C92569CC-24A1-414C-8CB6-2F1DA82B5BD4}.Debug|x64.ActiveCfg = Debug|Any CPU
		{C92569CC-24A1-414C-8CB6-2F1DA82B5BD4}.Debug|x64.Build.0 = Debug|Any CPU
		{C92569CC-24A1-414C-8CB6-2F1DA82B5BD4}.Debug|x86.ActiveCfg = Debug|Any CPU
		{C92569CC-24A1-414C-8CB6-2F1DA82B5BD4}.Debug|x86.Build.0 = Debug|Any CPU
		{C92569CC-24A1-414C-8CB6-2F1DA82B5BD4}.Release|Any CPU.ActiveCfg = Release|Any CPU
		{C92569CC-24A1-414C-8CB6-2F1DA82B5BD4}.Release|Any CPU.Build.0 = Release|Any CPU
		{C92569CC-24A1-414C-8CB6-2F1DA82B5BD4}.Release|x64.ActiveCfg = Release|Any CPU
		{C92569CC-24A1-414C-8CB6-2F1DA82B5BD4}.Release|x64.Build.0 = Release|Any CPU
		{C92569CC-24A1-414C-8CB6-2F1DA82B5BD4}.Release|x86.ActiveCfg = Release|Any CPU
		{C92569CC-24A1-414C-8CB6-2F1DA82B5BD4}.Release|x86.Build.0 = Release|Any CPU
		{A61C3466-7FB3-4505-8531-21C533CA2594}.Debug|Any CPU.ActiveCfg = Debug|Any CPU
		{A61C3466-7FB3-4505-8531-21C533CA2594}.Debug|Any CPU.Build.0 = Debug|Any CPU
		{A61C3466-7FB3-4505-8531-21C533CA2594}.Debug|x64.ActiveCfg = Debug|Any CPU
		{A61C3466-7FB3-4505-8531-21C533CA2594}.Debug|x64.Build.0 = Debug|Any CPU
		{A61C3466-7FB3-4505-8531-21C533CA2594}.Debug|x86.ActiveCfg = Debug|Any CPU
		{A61C3466-7FB3-4505-8531-21C533CA2594}.Debug|x86.Build.0 = Debug|Any CPU
		{A61C3466-7FB3-4505-8531-21C533CA2594}.Release|Any CPU.ActiveCfg = Release|Any CPU
		{A61C3466-7FB3-4505-8531-21C533CA2594}.Release|Any CPU.Build.0 = Release|Any CPU
		{A61C3466-7FB3-4505-8531-21C533CA2594}.Release|x64.ActiveCfg = Release|Any CPU
		{A61C3466-7FB3-4505-8531-21C533CA2594}.Release|x64.Build.0 = Release|Any CPU
		{A61C3466-7FB3-4505-8531-21C533CA2594}.Release|x86.ActiveCfg = Release|Any CPU
		{A61C3466-7FB3-4505-8531-21C533CA2594}.Release|x86.Build.0 = Release|Any CPU
		{15304A8B-37D8-4D07-8ADD-7350CA3E0792}.Debug|Any CPU.ActiveCfg = Debug|Any CPU
		{15304A8B-37D8-4D07-8ADD-7350CA3E0792}.Debug|Any CPU.Build.0 = Debug|Any CPU
		{15304A8B-37D8-4D07-8ADD-7350CA3E0792}.Debug|x64.ActiveCfg = Debug|Any CPU
		{15304A8B-37D8-4D07-8ADD-7350CA3E0792}.Debug|x64.Build.0 = Debug|Any CPU
		{15304A8B-37D8-4D07-8ADD-7350CA3E0792}.Debug|x86.ActiveCfg = Debug|Any CPU
		{15304A8B-37D8-4D07-8ADD-7350CA3E0792}.Debug|x86.Build.0 = Debug|Any CPU
		{15304A8B-37D8-4D07-8ADD-7350CA3E0792}.Release|Any CPU.ActiveCfg = Release|Any CPU
		{15304A8B-37D8-4D07-8ADD-7350CA3E0792}.Release|Any CPU.Build.0 = Release|Any CPU
		{15304A8B-37D8-4D07-8ADD-7350CA3E0792}.Release|x64.ActiveCfg = Release|Any CPU
		{15304A8B-37D8-4D07-8ADD-7350CA3E0792}.Release|x64.Build.0 = Release|Any CPU
		{15304A8B-37D8-4D07-8ADD-7350CA3E0792}.Release|x86.ActiveCfg = Release|Any CPU
		{15304A8B-37D8-4D07-8ADD-7350CA3E0792}.Release|x86.Build.0 = Release|Any CPU
		{BD1F33B5-E5E2-453B-870D-4CDA80B676A5}.Debug|Any CPU.ActiveCfg = Debug|Any CPU
		{BD1F33B5-E5E2-453B-870D-4CDA80B676A5}.Debug|Any CPU.Build.0 = Debug|Any CPU
		{BD1F33B5-E5E2-453B-870D-4CDA80B676A5}.Debug|x64.ActiveCfg = Debug|Any CPU
		{BD1F33B5-E5E2-453B-870D-4CDA80B676A5}.Debug|x64.Build.0 = Debug|Any CPU
		{BD1F33B5-E5E2-453B-870D-4CDA80B676A5}.Debug|x86.ActiveCfg = Debug|Any CPU
		{BD1F33B5-E5E2-453B-870D-4CDA80B676A5}.Debug|x86.Build.0 = Debug|Any CPU
		{BD1F33B5-E5E2-453B-870D-4CDA80B676A5}.Release|Any CPU.ActiveCfg = Release|Any CPU
		{BD1F33B5-E5E2-453B-870D-4CDA80B676A5}.Release|Any CPU.Build.0 = Release|Any CPU
		{BD1F33B5-E5E2-453B-870D-4CDA80B676A5}.Release|x64.ActiveCfg = Release|Any CPU
		{BD1F33B5-E5E2-453B-870D-4CDA80B676A5}.Release|x64.Build.0 = Release|Any CPU
		{BD1F33B5-E5E2-453B-870D-4CDA80B676A5}.Release|x86.ActiveCfg = Release|Any CPU
		{BD1F33B5-E5E2-453B-870D-4CDA80B676A5}.Release|x86.Build.0 = Release|Any CPU
	EndGlobalSection
EndGlobal
