
Microsoft Visual Studio Solution File, Format Version 12.00
# Visual Studio 15
VisualStudioVersion = 15.0.26124.0
MinimumVisualStudioVersion = 15.0.26124.0
Project("{2150E333-8FDC-42A3-9474-1A3956D46DE8}") = "src", "src", "{F1A44C49-BB47-4A3C-8050-AF4E25084180}"
EndProject
Project("{FAE04EC0-301F-11D3-BF4B-00C04F79EFBC}") = "OnlineTheater.Core", "src\OnlineTheater.Core\OnlineTheater.Core.csproj", "{56787E96-BA01-44C4-9A44-5F450F7A659A}"
EndProject
Global
	GlobalSection(SolutionConfigurationPlatforms) = preSolution
		Debug|Any CPU = Debug|Any CPU
		Debug|x64 = Debug|x64
		Debug|x86 = Debug|x86
		Release|Any CPU = Release|Any CPU
		Release|x64 = Release|x64
		Release|x86 = Release|x86
	EndGlobalSection
	GlobalSection(SolutionProperties) = preSolution
		HideSolutionNode = FALSE
	EndGlobalSection
	GlobalSection(ProjectConfigurationPlatforms) = postSolution
		{56787E96-BA01-44C4-9A44-5F450F7A659A}.Debug|Any CPU.ActiveCfg = Debug|Any CPU
		{56787E96-BA01-44C4-9A44-5F450F7A659A}.Debug|Any CPU.Build.0 = Debug|Any CPU
		{56787E96-BA01-44C4-9A44-5F450F7A659A}.Debug|x64.ActiveCfg = Debug|Any CPU
		{56787E96-BA01-44C4-9A44-5F450F7A659A}.Debug|x64.Build.0 = Debug|Any CPU
		{56787E96-BA01-44C4-9A44-5F450F7A659A}.Debug|x86.ActiveCfg = Debug|Any CPU
		{56787E96-BA01-44C4-9A44-5F450F7A659A}.Debug|x86.Build.0 = Debug|Any CPU
		{56787E96-BA01-44C4-9A44-5F450F7A659A}.Release|Any CPU.ActiveCfg = Release|Any CPU
		{56787E96-BA01-44C4-9A44-5F450F7A659A}.Release|Any CPU.Build.0 = Release|Any CPU
		{56787E96-BA01-44C4-9A44-5F450F7A659A}.Release|x64.ActiveCfg = Release|Any CPU
		{56787E96-BA01-44C4-9A44-5F450F7A659A}.Release|x64.Build.0 = Release|Any CPU
		{56787E96-BA01-44C4-9A44-5F450F7A659A}.Release|x86.ActiveCfg = Release|Any CPU
		{56787E96-BA01-44C4-9A44-5F450F7A659A}.Release|x86.Build.0 = Release|Any CPU
	EndGlobalSection
	GlobalSection(NestedProjects) = preSolution
		{56787E96-BA01-44C4-9A44-5F450F7A659A} = {F1A44C49-BB47-4A3C-8050-AF4E25084180}
	EndGlobalSection
EndGlobal
