
Microsoft Visual Studio Solution File, Format Version 12.00
# Visual Studio 15
VisualStudioVersion = 15.0.27130.2036
MinimumVisualStudioVersion = 10.0.40219.1
Project("{FAE04EC0-301F-11D3-BF4B-00C04F79EFBC}") = "AluraCar.Android", "AluraCar\AluraCar.Android\AluraCar.Android.csproj", "{4A33FC84-5757-4047-B35E-1C195D9000E5}"
EndProject
Project("{FAE04EC0-301F-11D3-BF4B-00C04F79EFBC}") = "AluraCar.iOS", "AluraCar\AluraCar.iOS\AluraCar.iOS.csproj", "{7094400D-1E8E-4A71-868B-3474952B2A1B}"
EndProject
Project("{FAE04EC0-301F-11D3-BF4B-00C04F79EFBC}") = "AluraCar.UWP", "AluraCar\AluraCar.UWP\AluraCar.UWP.csproj", "{8E635C0C-43B1-428A-ABB6-B070D5F81329}"
EndProject
Project("{FAE04EC0-301F-11D3-BF4B-00C04F79EFBC}") = "AluraCar", "AluraCar\AluraCar\AluraCar.csproj", "{524E442F-5429-48E6-AFE5-90EB1171F8DE}"
EndProject
Global
	GlobalSection(SolutionConfigurationPlatforms) = preSolution
		Ad-Hoc|Any CPU = Ad-Hoc|Any CPU
		Ad-Hoc|ARM = Ad-Hoc|ARM
		Ad-Hoc|iPhone = Ad-Hoc|iPhone
		Ad-Hoc|iPhoneSimulator = Ad-Hoc|iPhoneSimulator
		Ad-Hoc|x64 = Ad-Hoc|x64
		Ad-Hoc|x86 = Ad-Hoc|x86
		AppStore|Any CPU = AppStore|Any CPU
		AppStore|ARM = AppStore|ARM
		AppStore|iPhone = AppStore|iPhone
		AppStore|iPhoneSimulator = AppStore|iPhoneSimulator
		AppStore|x64 = AppStore|x64
		AppStore|x86 = AppStore|x86
		Debug|Any CPU = Debug|Any CPU
		Debug|ARM = Debug|ARM
		Debug|iPhone = Debug|iPhone
		Debug|iPhoneSimulator = Debug|iPhoneSimulator
		Debug|x64 = Debug|x64
		Debug|x86 = Debug|x86
		Release|Any CPU = Release|Any CPU
		Release|ARM = Release|ARM
		Release|iPhone = Release|iPhone
		Release|iPhoneSimulator = Release|iPhoneSimulator
		Release|x64 = Release|x64
		Release|x86 = Release|x86
	EndGlobalSection
	GlobalSection(ProjectConfigurationPlatforms) = postSolution
		{4A33FC84-5757-4047-B35E-1C195D9000E5}.Ad-Hoc|Any CPU.ActiveCfg = Release|Any CPU
		{4A33FC84-5757-4047-B35E-1C195D9000E5}.Ad-Hoc|Any CPU.Build.0 = Release|Any CPU
		{4A33FC84-5757-4047-B35E-1C195D9000E5}.Ad-Hoc|Any CPU.Deploy.0 = Release|Any CPU
		{4A33FC84-5757-4047-B35E-1C195D9000E5}.Ad-Hoc|ARM.ActiveCfg = Release|Any CPU
		{4A33FC84-5757-4047-B35E-1C195D9000E5}.Ad-Hoc|ARM.Build.0 = Release|Any CPU
		{4A33FC84-5757-4047-B35E-1C195D9000E5}.Ad-Hoc|ARM.Deploy.0 = Release|Any CPU
		{4A33FC84-5757-4047-B35E-1C195D9000E5}.Ad-Hoc|iPhone.ActiveCfg = Release|Any CPU
		{4A33FC84-5757-4047-B35E-1C195D9000E5}.Ad-Hoc|iPhone.Build.0 = Release|Any CPU
		{4A33FC84-5757-4047-B35E-1C195D9000E5}.Ad-Hoc|iPhone.Deploy.0 = Release|Any CPU
		{4A33FC84-5757-4047-B35E-1C195D9000E5}.Ad-Hoc|iPhoneSimulator.ActiveCfg = Release|Any CPU
		{4A33FC84-5757-4047-B35E-1C195D9000E5}.Ad-Hoc|iPhoneSimulator.Build.0 = Release|Any CPU
		{4A33FC84-5757-4047-B35E-1C195D9000E5}.Ad-Hoc|iPhoneSimulator.Deploy.0 = Release|Any CPU
		{4A33FC84-5757-4047-B35E-1C195D9000E5}.Ad-Hoc|x64.ActiveCfg = Release|Any CPU
		{4A33FC84-5757-4047-B35E-1C195D9000E5}.Ad-Hoc|x64.Build.0 = Release|Any CPU
		{4A33FC84-5757-4047-B35E-1C195D9000E5}.Ad-Hoc|x64.Deploy.0 = Release|Any CPU
		{4A33FC84-5757-4047-B35E-1C195D9000E5}.Ad-Hoc|x86.ActiveCfg = Release|Any CPU
		{4A33FC84-5757-4047-B35E-1C195D9000E5}.Ad-Hoc|x86.Build.0 = Release|Any CPU
		{4A33FC84-5757-4047-B35E-1C195D9000E5}.Ad-Hoc|x86.Deploy.0 = Release|Any CPU
		{4A33FC84-5757-4047-B35E-1C195D9000E5}.AppStore|Any CPU.ActiveCfg = Release|Any CPU
		{4A33FC84-5757-4047-B35E-1C195D9000E5}.AppStore|Any CPU.Build.0 = Release|Any CPU
		{4A33FC84-5757-4047-B35E-1C195D9000E5}.AppStore|Any CPU.Deploy.0 = Release|Any CPU
		{4A33FC84-5757-4047-B35E-1C195D9000E5}.AppStore|ARM.ActiveCfg = Release|Any CPU
		{4A33FC84-5757-4047-B35E-1C195D9000E5}.AppStore|ARM.Build.0 = Release|Any CPU
		{4A33FC84-5757-4047-B35E-1C195D9000E5}.AppStore|ARM.Deploy.0 = Release|Any CPU
		{4A33FC84-5757-4047-B35E-1C195D9000E5}.AppStore|iPhone.ActiveCfg = Release|Any CPU
		{4A33FC84-5757-4047-B35E-1C195D9000E5}.AppStore|iPhone.Build.0 = Release|Any CPU
		{4A33FC84-5757-4047-B35E-1C195D9000E5}.AppStore|iPhone.Deploy.0 = Release|Any CPU
		{4A33FC84-5757-4047-B35E-1C195D9000E5}.AppStore|iPhoneSimulator.ActiveCfg = Release|Any CPU
		{4A33FC84-5757-4047-B35E-1C195D9000E5}.AppStore|iPhoneSimulator.Build.0 = Release|Any CPU
		{4A33FC84-5757-4047-B35E-1C195D9000E5}.AppStore|iPhoneSimulator.Deploy.0 = Release|Any CPU
		{4A33FC84-5757-4047-B35E-1C195D9000E5}.AppStore|x64.ActiveCfg = Release|Any CPU
		{4A33FC84-5757-4047-B35E-1C195D9000E5}.AppStore|x64.Build.0 = Release|Any CPU
		{4A33FC84-5757-4047-B35E-1C195D9000E5}.AppStore|x64.Deploy.0 = Release|Any CPU
		{4A33FC84-5757-4047-B35E-1C195D9000E5}.AppStore|x86.ActiveCfg = Release|Any CPU
		{4A33FC84-5757-4047-B35E-1C195D9000E5}.AppStore|x86.Build.0 = Release|Any CPU
		{4A33FC84-5757-4047-B35E-1C195D9000E5}.AppStore|x86.Deploy.0 = Release|Any CPU
		{4A33FC84-5757-4047-B35E-1C195D9000E5}.Debug|Any CPU.ActiveCfg = Debug|Any CPU
		{4A33FC84-5757-4047-B35E-1C195D9000E5}.Debug|Any CPU.Build.0 = Debug|Any CPU
		{4A33FC84-5757-4047-B35E-1C195D9000E5}.Debug|Any CPU.Deploy.0 = Debug|Any CPU
		{4A33FC84-5757-4047-B35E-1C195D9000E5}.Debug|ARM.ActiveCfg = Debug|Any CPU
		{4A33FC84-5757-4047-B35E-1C195D9000E5}.Debug|ARM.Build.0 = Debug|Any CPU
		{4A33FC84-5757-4047-B35E-1C195D9000E5}.Debug|ARM.Deploy.0 = Debug|Any CPU
		{4A33FC84-5757-4047-B35E-1C195D9000E5}.Debug|iPhone.ActiveCfg = Debug|Any CPU
		{4A33FC84-5757-4047-B35E-1C195D9000E5}.Debug|iPhone.Build.0 = Debug|Any CPU
		{4A33FC84-5757-4047-B35E-1C195D9000E5}.Debug|iPhone.Deploy.0 = Debug|Any CPU
		{4A33FC84-5757-4047-B35E-1C195D9000E5}.Debug|iPhoneSimulator.ActiveCfg = Debug|Any CPU
		{4A33FC84-5757-4047-B35E-1C195D9000E5}.Debug|iPhoneSimulator.Build.0 = Debug|Any CPU
		{4A33FC84-5757-4047-B35E-1C195D9000E5}.Debug|iPhoneSimulator.Deploy.0 = Debug|Any CPU
		{4A33FC84-5757-4047-B35E-1C195D9000E5}.Debug|x64.ActiveCfg = Debug|Any CPU
		{4A33FC84-5757-4047-B35E-1C195D9000E5}.Debug|x64.Build.0 = Debug|Any CPU
		{4A33FC84-5757-4047-B35E-1C195D9000E5}.Debug|x64.Deploy.0 = Debug|Any CPU
		{4A33FC84-5757-4047-B35E-1C195D9000E5}.Debug|x86.ActiveCfg = Debug|Any CPU
		{4A33FC84-5757-4047-B35E-1C195D9000E5}.Debug|x86.Build.0 = Debug|Any CPU
		{4A33FC84-5757-4047-B35E-1C195D9000E5}.Debug|x86.Deploy.0 = Debug|Any CPU
		{4A33FC84-5757-4047-B35E-1C195D9000E5}.Release|Any CPU.ActiveCfg = Release|Any CPU
		{4A33FC84-5757-4047-B35E-1C195D9000E5}.Release|Any CPU.Build.0 = Release|Any CPU
		{4A33FC84-5757-4047-B35E-1C195D9000E5}.Release|Any CPU.Deploy.0 = Release|Any CPU
		{4A33FC84-5757-4047-B35E-1C195D9000E5}.Release|ARM.ActiveCfg = Release|Any CPU
		{4A33FC84-5757-4047-B35E-1C195D9000E5}.Release|ARM.Build.0 = Release|Any CPU
		{4A33FC84-5757-4047-B35E-1C195D9000E5}.Release|ARM.Deploy.0 = Release|Any CPU
		{4A33FC84-5757-4047-B35E-1C195D9000E5}.Release|iPhone.ActiveCfg = Release|Any CPU
		{4A33FC84-5757-4047-B35E-1C195D9000E5}.Release|iPhone.Build.0 = Release|Any CPU
		{4A33FC84-5757-4047-B35E-1C195D9000E5}.Release|iPhone.Deploy.0 = Release|Any CPU
		{4A33FC84-5757-4047-B35E-1C195D9000E5}.Release|iPhoneSimulator.ActiveCfg = Release|Any CPU
		{4A33FC84-5757-4047-B35E-1C195D9000E5}.Release|iPhoneSimulator.Build.0 = Release|Any CPU
		{4A33FC84-5757-4047-B35E-1C195D9000E5}.Release|iPhoneSimulator.Deploy.0 = Release|Any CPU
		{4A33FC84-5757-4047-B35E-1C195D9000E5}.Release|x64.ActiveCfg = Release|Any CPU
		{4A33FC84-5757-4047-B35E-1C195D9000E5}.Release|x64.Build.0 = Release|Any CPU
		{4A33FC84-5757-4047-B35E-1C195D9000E5}.Release|x64.Deploy.0 = Release|Any CPU
		{4A33FC84-5757-4047-B35E-1C195D9000E5}.Release|x86.ActiveCfg = Release|Any CPU
		{4A33FC84-5757-4047-B35E-1C195D9000E5}.Release|x86.Build.0 = Release|Any CPU
		{4A33FC84-5757-4047-B35E-1C195D9000E5}.Release|x86.Deploy.0 = Release|Any CPU
		{7094400D-1E8E-4A71-868B-3474952B2A1B}.Ad-Hoc|Any CPU.ActiveCfg = Ad-Hoc|iPhone
		{7094400D-1E8E-4A71-868B-3474952B2A1B}.Ad-Hoc|ARM.ActiveCfg = Ad-Hoc|iPhone
		{7094400D-1E8E-4A71-868B-3474952B2A1B}.Ad-Hoc|iPhone.ActiveCfg = Ad-Hoc|iPhone
		{7094400D-1E8E-4A71-868B-3474952B2A1B}.Ad-Hoc|iPhone.Build.0 = Ad-Hoc|iPhone
		{7094400D-1E8E-4A71-868B-3474952B2A1B}.Ad-Hoc|iPhoneSimulator.ActiveCfg = Ad-Hoc|iPhoneSimulator
		{7094400D-1E8E-4A71-868B-3474952B2A1B}.Ad-Hoc|iPhoneSimulator.Build.0 = Ad-Hoc|iPhoneSimulator
		{7094400D-1E8E-4A71-868B-3474952B2A1B}.Ad-Hoc|x64.ActiveCfg = Ad-Hoc|iPhone
		{7094400D-1E8E-4A71-868B-3474952B2A1B}.Ad-Hoc|x86.ActiveCfg = Ad-Hoc|iPhone
		{7094400D-1E8E-4A71-868B-3474952B2A1B}.AppStore|Any CPU.ActiveCfg = AppStore|iPhone
		{7094400D-1E8E-4A71-868B-3474952B2A1B}.AppStore|ARM.ActiveCfg = AppStore|iPhone
		{7094400D-1E8E-4A71-868B-3474952B2A1B}.AppStore|iPhone.ActiveCfg = AppStore|iPhone
		{7094400D-1E8E-4A71-868B-3474952B2A1B}.AppStore|iPhone.Build.0 = AppStore|iPhone
		{7094400D-1E8E-4A71-868B-3474952B2A1B}.AppStore|iPhoneSimulator.ActiveCfg = AppStore|iPhoneSimulator
		{7094400D-1E8E-4A71-868B-3474952B2A1B}.AppStore|iPhoneSimulator.Build.0 = AppStore|iPhoneSimulator
		{7094400D-1E8E-4A71-868B-3474952B2A1B}.AppStore|x64.ActiveCfg = AppStore|iPhone
		{7094400D-1E8E-4A71-868B-3474952B2A1B}.AppStore|x86.ActiveCfg = AppStore|iPhone
		{7094400D-1E8E-4A71-868B-3474952B2A1B}.Debug|Any CPU.ActiveCfg = Debug|iPhone
		{7094400D-1E8E-4A71-868B-3474952B2A1B}.Debug|ARM.ActiveCfg = Debug|iPhone
		{7094400D-1E8E-4A71-868B-3474952B2A1B}.Debug|iPhone.ActiveCfg = Debug|iPhone
		{7094400D-1E8E-4A71-868B-3474952B2A1B}.Debug|iPhone.Build.0 = Debug|iPhone
		{7094400D-1E8E-4A71-868B-3474952B2A1B}.Debug|iPhoneSimulator.ActiveCfg = Debug|iPhoneSimulator
		{7094400D-1E8E-4A71-868B-3474952B2A1B}.Debug|iPhoneSimulator.Build.0 = Debug|iPhoneSimulator
		{7094400D-1E8E-4A71-868B-3474952B2A1B}.Debug|x64.ActiveCfg = Debug|iPhone
		{7094400D-1E8E-4A71-868B-3474952B2A1B}.Debug|x86.ActiveCfg = Debug|iPhone
		{7094400D-1E8E-4A71-868B-3474952B2A1B}.Release|Any CPU.ActiveCfg = Release|iPhone
		{7094400D-1E8E-4A71-868B-3474952B2A1B}.Release|ARM.ActiveCfg = Release|iPhone
		{7094400D-1E8E-4A71-868B-3474952B2A1B}.Release|iPhone.ActiveCfg = Release|iPhone
		{7094400D-1E8E-4A71-868B-3474952B2A1B}.Release|iPhone.Build.0 = Release|iPhone
		{7094400D-1E8E-4A71-868B-3474952B2A1B}.Release|iPhoneSimulator.ActiveCfg = Release|iPhoneSimulator
		{7094400D-1E8E-4A71-868B-3474952B2A1B}.Release|iPhoneSimulator.Build.0 = Release|iPhoneSimulator
		{7094400D-1E8E-4A71-868B-3474952B2A1B}.Release|x64.ActiveCfg = Release|iPhone
		{7094400D-1E8E-4A71-868B-3474952B2A1B}.Release|x86.ActiveCfg = Release|iPhone
		{8E635C0C-43B1-428A-ABB6-B070D5F81329}.Ad-Hoc|Any CPU.ActiveCfg = Release|x86
		{8E635C0C-43B1-428A-ABB6-B070D5F81329}.Ad-Hoc|Any CPU.Build.0 = Release|x86
		{8E635C0C-43B1-428A-ABB6-B070D5F81329}.Ad-Hoc|Any CPU.Deploy.0 = Release|x86
		{8E635C0C-43B1-428A-ABB6-B070D5F81329}.Ad-Hoc|ARM.ActiveCfg = Release|ARM
		{8E635C0C-43B1-428A-ABB6-B070D5F81329}.Ad-Hoc|ARM.Build.0 = Release|ARM
		{8E635C0C-43B1-428A-ABB6-B070D5F81329}.Ad-Hoc|ARM.Deploy.0 = Release|ARM
		{8E635C0C-43B1-428A-ABB6-B070D5F81329}.Ad-Hoc|iPhone.ActiveCfg = Release|x86
		{8E635C0C-43B1-428A-ABB6-B070D5F81329}.Ad-Hoc|iPhone.Build.0 = Release|x86
		{8E635C0C-43B1-428A-ABB6-B070D5F81329}.Ad-Hoc|iPhone.Deploy.0 = Release|x86
		{8E635C0C-43B1-428A-ABB6-B070D5F81329}.Ad-Hoc|iPhoneSimulator.ActiveCfg = Release|x86
		{8E635C0C-43B1-428A-ABB6-B070D5F81329}.Ad-Hoc|iPhoneSimulator.Build.0 = Release|x86
		{8E635C0C-43B1-428A-ABB6-B070D5F81329}.Ad-Hoc|iPhoneSimulator.Deploy.0 = Release|x86
		{8E635C0C-43B1-428A-ABB6-B070D5F81329}.Ad-Hoc|x64.ActiveCfg = Release|x64
		{8E635C0C-43B1-428A-ABB6-B070D5F81329}.Ad-Hoc|x64.Build.0 = Release|x64
		{8E635C0C-43B1-428A-ABB6-B070D5F81329}.Ad-Hoc|x64.Deploy.0 = Release|x64
		{8E635C0C-43B1-428A-ABB6-B070D5F81329}.Ad-Hoc|x86.ActiveCfg = Release|x86
		{8E635C0C-43B1-428A-ABB6-B070D5F81329}.Ad-Hoc|x86.Build.0 = Release|x86
		{8E635C0C-43B1-428A-ABB6-B070D5F81329}.Ad-Hoc|x86.Deploy.0 = Release|x86
		{8E635C0C-43B1-428A-ABB6-B070D5F81329}.AppStore|Any CPU.ActiveCfg = Release|x86
		{8E635C0C-43B1-428A-ABB6-B070D5F81329}.AppStore|Any CPU.Build.0 = Release|x86
		{8E635C0C-43B1-428A-ABB6-B070D5F81329}.AppStore|Any CPU.Deploy.0 = Release|x86
		{8E635C0C-43B1-428A-ABB6-B070D5F81329}.AppStore|ARM.ActiveCfg = Release|ARM
		{8E635C0C-43B1-428A-ABB6-B070D5F81329}.AppStore|ARM.Build.0 = Release|ARM
		{8E635C0C-43B1-428A-ABB6-B070D5F81329}.AppStore|ARM.Deploy.0 = Release|ARM
		{8E635C0C-43B1-428A-ABB6-B070D5F81329}.AppStore|iPhone.ActiveCfg = Release|x86
		{8E635C0C-43B1-428A-ABB6-B070D5F81329}.AppStore|iPhone.Build.0 = Release|x86
		{8E635C0C-43B1-428A-ABB6-B070D5F81329}.AppStore|iPhone.Deploy.0 = Release|x86
		{8E635C0C-43B1-428A-ABB6-B070D5F81329}.AppStore|iPhoneSimulator.ActiveCfg = Release|x86
		{8E635C0C-43B1-428A-ABB6-B070D5F81329}.AppStore|iPhoneSimulator.Build.0 = Release|x86
		{8E635C0C-43B1-428A-ABB6-B070D5F81329}.AppStore|iPhoneSimulator.Deploy.0 = Release|x86
		{8E635C0C-43B1-428A-ABB6-B070D5F81329}.AppStore|x64.ActiveCfg = Release|x64
		{8E635C0C-43B1-428A-ABB6-B070D5F81329}.AppStore|x64.Build.0 = Release|x64
		{8E635C0C-43B1-428A-ABB6-B070D5F81329}.AppStore|x64.Deploy.0 = Release|x64
		{8E635C0C-43B1-428A-ABB6-B070D5F81329}.AppStore|x86.ActiveCfg = Release|x86
		{8E635C0C-43B1-428A-ABB6-B070D5F81329}.AppStore|x86.Build.0 = Release|x86
		{8E635C0C-43B1-428A-ABB6-B070D5F81329}.AppStore|x86.Deploy.0 = Release|x86
		{8E635C0C-43B1-428A-ABB6-B070D5F81329}.Debug|Any CPU.ActiveCfg = Debug|x86
		{8E635C0C-43B1-428A-ABB6-B070D5F81329}.Debug|ARM.ActiveCfg = Debug|ARM
		{8E635C0C-43B1-428A-ABB6-B070D5F81329}.Debug|ARM.Build.0 = Debug|ARM
		{8E635C0C-43B1-428A-ABB6-B070D5F81329}.Debug|ARM.Deploy.0 = Debug|ARM
		{8E635C0C-43B1-428A-ABB6-B070D5F81329}.Debug|iPhone.ActiveCfg = Debug|x86
		{8E635C0C-43B1-428A-ABB6-B070D5F81329}.Debug|iPhoneSimulator.ActiveCfg = Debug|x86
		{8E635C0C-43B1-428A-ABB6-B070D5F81329}.Debug|x64.ActiveCfg = Debug|x64
		{8E635C0C-43B1-428A-ABB6-B070D5F81329}.Debug|x64.Build.0 = Debug|x64
		{8E635C0C-43B1-428A-ABB6-B070D5F81329}.Debug|x64.Deploy.0 = Debug|x64
		{8E635C0C-43B1-428A-ABB6-B070D5F81329}.Debug|x86.ActiveCfg = Debug|x86
		{8E635C0C-43B1-428A-ABB6-B070D5F81329}.Debug|x86.Build.0 = Debug|x86
		{8E635C0C-43B1-428A-ABB6-B070D5F81329}.Debug|x86.Deploy.0 = Debug|x86
		{8E635C0C-43B1-428A-ABB6-B070D5F81329}.Release|Any CPU.ActiveCfg = Release|x86
		{8E635C0C-43B1-428A-ABB6-B070D5F81329}.Release|ARM.ActiveCfg = Release|ARM
		{8E635C0C-43B1-428A-ABB6-B070D5F81329}.Release|ARM.Build.0 = Release|ARM
		{8E635C0C-43B1-428A-ABB6-B070D5F81329}.Release|ARM.Deploy.0 = Release|ARM
		{8E635C0C-43B1-428A-ABB6-B070D5F81329}.Release|iPhone.ActiveCfg = Release|x86
		{8E635C0C-43B1-428A-ABB6-B070D5F81329}.Release|iPhoneSimulator.ActiveCfg = Release|x86
		{8E635C0C-43B1-428A-ABB6-B070D5F81329}.Release|x64.ActiveCfg = Release|x64
		{8E635C0C-43B1-428A-ABB6-B070D5F81329}.Release|x64.Build.0 = Release|x64
		{8E635C0C-43B1-428A-ABB6-B070D5F81329}.Release|x64.Deploy.0 = Release|x64
		{8E635C0C-43B1-428A-ABB6-B070D5F81329}.Release|x86.ActiveCfg = Release|x86
		{8E635C0C-43B1-428A-ABB6-B070D5F81329}.Release|x86.Build.0 = Release|x86
		{8E635C0C-43B1-428A-ABB6-B070D5F81329}.Release|x86.Deploy.0 = Release|x86
		{524E442F-5429-48E6-AFE5-90EB1171F8DE}.Ad-Hoc|Any CPU.ActiveCfg = Debug|Any CPU
		{524E442F-5429-48E6-AFE5-90EB1171F8DE}.Ad-Hoc|Any CPU.Build.0 = Debug|Any CPU
		{524E442F-5429-48E6-AFE5-90EB1171F8DE}.Ad-Hoc|ARM.ActiveCfg = Debug|Any CPU
		{524E442F-5429-48E6-AFE5-90EB1171F8DE}.Ad-Hoc|ARM.Build.0 = Debug|Any CPU
		{524E442F-5429-48E6-AFE5-90EB1171F8DE}.Ad-Hoc|iPhone.ActiveCfg = Debug|Any CPU
		{524E442F-5429-48E6-AFE5-90EB1171F8DE}.Ad-Hoc|iPhone.Build.0 = Debug|Any CPU
		{524E442F-5429-48E6-AFE5-90EB1171F8DE}.Ad-Hoc|iPhoneSimulator.ActiveCfg = Debug|Any CPU
		{524E442F-5429-48E6-AFE5-90EB1171F8DE}.Ad-Hoc|iPhoneSimulator.Build.0 = Debug|Any CPU
		{524E442F-5429-48E6-AFE5-90EB1171F8DE}.Ad-Hoc|x64.ActiveCfg = Debug|Any CPU
		{524E442F-5429-48E6-AFE5-90EB1171F8DE}.Ad-Hoc|x64.Build.0 = Debug|Any CPU
		{524E442F-5429-48E6-AFE5-90EB1171F8DE}.Ad-Hoc|x86.ActiveCfg = Debug|Any CPU
		{524E442F-5429-48E6-AFE5-90EB1171F8DE}.Ad-Hoc|x86.Build.0 = Debug|Any CPU
		{524E442F-5429-48E6-AFE5-90EB1171F8DE}.AppStore|Any CPU.ActiveCfg = Debug|Any CPU
		{524E442F-5429-48E6-AFE5-90EB1171F8DE}.AppStore|Any CPU.Build.0 = Debug|Any CPU
		{524E442F-5429-48E6-AFE5-90EB1171F8DE}.AppStore|ARM.ActiveCfg = Debug|Any CPU
		{524E442F-5429-48E6-AFE5-90EB1171F8DE}.AppStore|ARM.Build.0 = Debug|Any CPU
		{524E442F-5429-48E6-AFE5-90EB1171F8DE}.AppStore|iPhone.ActiveCfg = Debug|Any CPU
		{524E442F-5429-48E6-AFE5-90EB1171F8DE}.AppStore|iPhone.Build.0 = Debug|Any CPU
		{524E442F-5429-48E6-AFE5-90EB1171F8DE}.AppStore|iPhoneSimulator.ActiveCfg = Debug|Any CPU
		{524E442F-5429-48E6-AFE5-90EB1171F8DE}.AppStore|iPhoneSimulator.Build.0 = Debug|Any CPU
		{524E442F-5429-48E6-AFE5-90EB1171F8DE}.AppStore|x64.ActiveCfg = Debug|Any CPU
		{524E442F-5429-48E6-AFE5-90EB1171F8DE}.AppStore|x64.Build.0 = Debug|Any CPU
		{524E442F-5429-48E6-AFE5-90EB1171F8DE}.AppStore|x86.ActiveCfg = Debug|Any CPU
		{524E442F-5429-48E6-AFE5-90EB1171F8DE}.AppStore|x86.Build.0 = Debug|Any CPU
		{524E442F-5429-48E6-AFE5-90EB1171F8DE}.Debug|Any CPU.ActiveCfg = Debug|Any CPU
		{524E442F-5429-48E6-AFE5-90EB1171F8DE}.Debug|Any CPU.Build.0 = Debug|Any CPU
		{524E442F-5429-48E6-AFE5-90EB1171F8DE}.Debug|ARM.ActiveCfg = Debug|Any CPU
		{524E442F-5429-48E6-AFE5-90EB1171F8DE}.Debug|ARM.Build.0 = Debug|Any CPU
		{524E442F-5429-48E6-AFE5-90EB1171F8DE}.Debug|iPhone.ActiveCfg = Debug|Any CPU
		{524E442F-5429-48E6-AFE5-90EB1171F8DE}.Debug|iPhone.Build.0 = Debug|Any CPU
		{524E442F-5429-48E6-AFE5-90EB1171F8DE}.Debug|iPhoneSimulator.ActiveCfg = Debug|Any CPU
		{524E442F-5429-48E6-AFE5-90EB1171F8DE}.Debug|iPhoneSimulator.Build.0 = Debug|Any CPU
		{524E442F-5429-48E6-AFE5-90EB1171F8DE}.Debug|x64.ActiveCfg = Debug|Any CPU
		{524E442F-5429-48E6-AFE5-90EB1171F8DE}.Debug|x64.Build.0 = Debug|Any CPU
		{524E442F-5429-48E6-AFE5-90EB1171F8DE}.Debug|x86.ActiveCfg = Debug|Any CPU
		{524E442F-5429-48E6-AFE5-90EB1171F8DE}.Debug|x86.Build.0 = Debug|Any CPU
		{524E442F-5429-48E6-AFE5-90EB1171F8DE}.Release|Any CPU.ActiveCfg = Release|Any CPU
		{524E442F-5429-48E6-AFE5-90EB1171F8DE}.Release|Any CPU.Build.0 = Release|Any CPU
		{524E442F-5429-48E6-AFE5-90EB1171F8DE}.Release|ARM.ActiveCfg = Release|Any CPU
		{524E442F-5429-48E6-AFE5-90EB1171F8DE}.Release|ARM.Build.0 = Release|Any CPU
		{524E442F-5429-48E6-AFE5-90EB1171F8DE}.Release|iPhone.ActiveCfg = Release|Any CPU
		{524E442F-5429-48E6-AFE5-90EB1171F8DE}.Release|iPhone.Build.0 = Release|Any CPU
		{524E442F-5429-48E6-AFE5-90EB1171F8DE}.Release|iPhoneSimulator.ActiveCfg = Release|Any CPU
		{524E442F-5429-48E6-AFE5-90EB1171F8DE}.Release|iPhoneSimulator.Build.0 = Release|Any CPU
		{524E442F-5429-48E6-AFE5-90EB1171F8DE}.Release|x64.ActiveCfg = Release|Any CPU
		{524E442F-5429-48E6-AFE5-90EB1171F8DE}.Release|x64.Build.0 = Release|Any CPU
		{524E442F-5429-48E6-AFE5-90EB1171F8DE}.Release|x86.ActiveCfg = Release|Any CPU
		{524E442F-5429-48E6-AFE5-90EB1171F8DE}.Release|x86.Build.0 = Release|Any CPU
	EndGlobalSection
	GlobalSection(SolutionProperties) = preSolution
		HideSolutionNode = FALSE
	EndGlobalSection
	GlobalSection(ExtensibilityGlobals) = postSolution
		SolutionGuid = {3E326F1E-74C4-4AD4-A749-CF62DB4925AF}
	EndGlobalSection
EndGlobal
