
Microsoft Visual Studio Solution File, Format Version 12.00
# Visual Studio 15
VisualStudioVersion = 15.0.26124.0
MinimumVisualStudioVersion = 15.0.26124.0
Project("{FAE04EC0-301F-11D3-BF4B-00C04F79EFBC}") = "Section11.ParallelTaskIntroduction", "Section11.ParallelTaskIntroduction\Section11.ParallelTaskIntroduction.csproj", "{41D2F2D0-9DAB-4D80-B125-80ADB8647816}"
EndProject
Project("{FAE04EC0-301F-11D3-BF4B-00C04F79EFBC}") = "Section11.LinqParallelQuery", "Section11.LinqParallelQuery\Section11.LinqParallelQuery.csproj", "{6934C116-68ED-4C9F-9B7F-2A7183555673}"
EndProject
Project("{FAE04EC0-301F-11D3-BF4B-00C04F79EFBC}") = "Section11.WaitContinuationAndTaskHierarchy", "Section11.WaitContinuationAndTaskHierarchy\Section11.WaitContinuationAndTaskHierarchy.csproj", "{988AFBAD-B2A2-4D05-9928-F522A3D58ACE}"
EndProject
Project("{FAE04EC0-301F-11D3-BF4B-00C04F79EFBC}") = "Section11.WorkingWithThread", "Section11.WorkingWithThread\Section11.WorkingWithThread.csproj", "{FB9D763D-671F-4714-BDD0-C1C7CC0E501C}"
EndProject
Project("{FAE04EC0-301F-11D3-BF4B-00C04F79EFBC}") = "Section11.UnlockingUserInterface", "Section11.UnlockingUserInterface\Section11.UnlockingUserInterface.csproj", "{152B93A4-3A8F-4D48-B426-27E206994317}"
EndProject
Project("{FAE04EC0-301F-11D3-BF4B-00C04F79EFBC}") = "Section11.UsignAsyncAwait", "Section11.UsignAsyncAwait\Section11.UsignAsyncAwait.csproj", "{B494DEDE-2F37-4BFB-9BC8-BCBDD793987F}"
EndProject
Project("{FAE04EC0-301F-11D3-BF4B-00C04F79EFBC}") = "Section11.UsingConcurrentCollections", "Section11.UsingConcurrentCollections\Section11.UsingConcurrentCollections.csproj", "{2B9D682C-FC57-46C6-90A2-C373AAFDEC5C}"
EndProject
Project("{FAE04EC0-301F-11D3-BF4B-00C04F79EFBC}") = "Section11.ImplementingLock", "Section11.ImplementingLock\Section11.ImplementingLock.csproj", "{EC25B475-5EA5-486B-B7ED-F7DDFBB3D579}"
EndProject
Project("{FAE04EC0-301F-11D3-BF4B-00C04F79EFBC}") = "Section11.UsingMonitorToLockThreads", "Section11.UsingMonitorToLockThreads\Section11.UsingMonitorToLockThreads.csproj", "{9AF03284-B75D-4830-A62B-D91FF8457ED9}"
EndProject
Project("{FAE04EC0-301F-11D3-BF4B-00C04F79EFBC}") = "Section11.CancelingTasksAndUsingThreadSafetyMethods", "Section11.CancelingTasksAndUsingThreadSafetyMethods\Section11.CancelingTasksAndUsingThreadSafetyMethods.csproj", "{17BFE37A-7AEE-44E0-937E-A78A83F6439E}"
EndProject
Global
	GlobalSection(SolutionConfigurationPlatforms) = preSolution
		Debug|Any CPU = Debug|Any CPU
		Debug|x64 = Debug|x64
		Debug|x86 = Debug|x86
		Release|Any CPU = Release|Any CPU
		Release|x64 = Release|x64
		Release|x86 = Release|x86
	EndGlobalSection
	GlobalSection(SolutionProperties) = preSolution
		HideSolutionNode = FALSE
	EndGlobalSection
	GlobalSection(ProjectConfigurationPlatforms) = postSolution
		{41D2F2D0-9DAB-4D80-B125-80ADB8647816}.Debug|Any CPU.ActiveCfg = Debug|Any CPU
		{41D2F2D0-9DAB-4D80-B125-80ADB8647816}.Debug|Any CPU.Build.0 = Debug|Any CPU
		{41D2F2D0-9DAB-4D80-B125-80ADB8647816}.Debug|x64.ActiveCfg = Debug|Any CPU
		{41D2F2D0-9DAB-4D80-B125-80ADB8647816}.Debug|x64.Build.0 = Debug|Any CPU
		{41D2F2D0-9DAB-4D80-B125-80ADB8647816}.Debug|x86.ActiveCfg = Debug|Any CPU
		{41D2F2D0-9DAB-4D80-B125-80ADB8647816}.Debug|x86.Build.0 = Debug|Any CPU
		{41D2F2D0-9DAB-4D80-B125-80ADB8647816}.Release|Any CPU.ActiveCfg = Release|Any CPU
		{41D2F2D0-9DAB-4D80-B125-80ADB8647816}.Release|Any CPU.Build.0 = Release|Any CPU
		{41D2F2D0-9DAB-4D80-B125-80ADB8647816}.Release|x64.ActiveCfg = Release|Any CPU
		{41D2F2D0-9DAB-4D80-B125-80ADB8647816}.Release|x64.Build.0 = Release|Any CPU
		{41D2F2D0-9DAB-4D80-B125-80ADB8647816}.Release|x86.ActiveCfg = Release|Any CPU
		{41D2F2D0-9DAB-4D80-B125-80ADB8647816}.Release|x86.Build.0 = Release|Any CPU
		{6934C116-68ED-4C9F-9B7F-2A7183555673}.Debug|Any CPU.ActiveCfg = Debug|Any CPU
		{6934C116-68ED-4C9F-9B7F-2A7183555673}.Debug|Any CPU.Build.0 = Debug|Any CPU
		{6934C116-68ED-4C9F-9B7F-2A7183555673}.Debug|x64.ActiveCfg = Debug|Any CPU
		{6934C116-68ED-4C9F-9B7F-2A7183555673}.Debug|x64.Build.0 = Debug|Any CPU
		{6934C116-68ED-4C9F-9B7F-2A7183555673}.Debug|x86.ActiveCfg = Debug|Any CPU
		{6934C116-68ED-4C9F-9B7F-2A7183555673}.Debug|x86.Build.0 = Debug|Any CPU
		{6934C116-68ED-4C9F-9B7F-2A7183555673}.Release|Any CPU.ActiveCfg = Release|Any CPU
		{6934C116-68ED-4C9F-9B7F-2A7183555673}.Release|Any CPU.Build.0 = Release|Any CPU
		{6934C116-68ED-4C9F-9B7F-2A7183555673}.Release|x64.ActiveCfg = Release|Any CPU
		{6934C116-68ED-4C9F-9B7F-2A7183555673}.Release|x64.Build.0 = Release|Any CPU
		{6934C116-68ED-4C9F-9B7F-2A7183555673}.Release|x86.ActiveCfg = Release|Any CPU
		{6934C116-68ED-4C9F-9B7F-2A7183555673}.Release|x86.Build.0 = Release|Any CPU
		{988AFBAD-B2A2-4D05-9928-F522A3D58ACE}.Debug|Any CPU.ActiveCfg = Debug|Any CPU
		{988AFBAD-B2A2-4D05-9928-F522A3D58ACE}.Debug|Any CPU.Build.0 = Debug|Any CPU
		{988AFBAD-B2A2-4D05-9928-F522A3D58ACE}.Debug|x64.ActiveCfg = Debug|Any CPU
		{988AFBAD-B2A2-4D05-9928-F522A3D58ACE}.Debug|x64.Build.0 = Debug|Any CPU
		{988AFBAD-B2A2-4D05-9928-F522A3D58ACE}.Debug|x86.ActiveCfg = Debug|Any CPU
		{988AFBAD-B2A2-4D05-9928-F522A3D58ACE}.Debug|x86.Build.0 = Debug|Any CPU
		{988AFBAD-B2A2-4D05-9928-F522A3D58ACE}.Release|Any CPU.ActiveCfg = Release|Any CPU
		{988AFBAD-B2A2-4D05-9928-F522A3D58ACE}.Release|Any CPU.Build.0 = Release|Any CPU
		{988AFBAD-B2A2-4D05-9928-F522A3D58ACE}.Release|x64.ActiveCfg = Release|Any CPU
		{988AFBAD-B2A2-4D05-9928-F522A3D58ACE}.Release|x64.Build.0 = Release|Any CPU
		{988AFBAD-B2A2-4D05-9928-F522A3D58ACE}.Release|x86.ActiveCfg = Release|Any CPU
		{988AFBAD-B2A2-4D05-9928-F522A3D58ACE}.Release|x86.Build.0 = Release|Any CPU
		{FB9D763D-671F-4714-BDD0-C1C7CC0E501C}.Debug|Any CPU.ActiveCfg = Debug|Any CPU
		{FB9D763D-671F-4714-BDD0-C1C7CC0E501C}.Debug|Any CPU.Build.0 = Debug|Any CPU
		{FB9D763D-671F-4714-BDD0-C1C7CC0E501C}.Debug|x64.ActiveCfg = Debug|Any CPU
		{FB9D763D-671F-4714-BDD0-C1C7CC0E501C}.Debug|x64.Build.0 = Debug|Any CPU
		{FB9D763D-671F-4714-BDD0-C1C7CC0E501C}.Debug|x86.ActiveCfg = Debug|Any CPU
		{FB9D763D-671F-4714-BDD0-C1C7CC0E501C}.Debug|x86.Build.0 = Debug|Any CPU
		{FB9D763D-671F-4714-BDD0-C1C7CC0E501C}.Release|Any CPU.ActiveCfg = Release|Any CPU
		{FB9D763D-671F-4714-BDD0-C1C7CC0E501C}.Release|Any CPU.Build.0 = Release|Any CPU
		{FB9D763D-671F-4714-BDD0-C1C7CC0E501C}.Release|x64.ActiveCfg = Release|Any CPU
		{FB9D763D-671F-4714-BDD0-C1C7CC0E501C}.Release|x64.Build.0 = Release|Any CPU
		{FB9D763D-671F-4714-BDD0-C1C7CC0E501C}.Release|x86.ActiveCfg = Release|Any CPU
		{FB9D763D-671F-4714-BDD0-C1C7CC0E501C}.Release|x86.Build.0 = Release|Any CPU
		{152B93A4-3A8F-4D48-B426-27E206994317}.Debug|Any CPU.ActiveCfg = Debug|Any CPU
		{152B93A4-3A8F-4D48-B426-27E206994317}.Debug|Any CPU.Build.0 = Debug|Any CPU
		{152B93A4-3A8F-4D48-B426-27E206994317}.Debug|x64.ActiveCfg = Debug|Any CPU
		{152B93A4-3A8F-4D48-B426-27E206994317}.Debug|x64.Build.0 = Debug|Any CPU
		{152B93A4-3A8F-4D48-B426-27E206994317}.Debug|x86.ActiveCfg = Debug|Any CPU
		{152B93A4-3A8F-4D48-B426-27E206994317}.Debug|x86.Build.0 = Debug|Any CPU
		{152B93A4-3A8F-4D48-B426-27E206994317}.Release|Any CPU.ActiveCfg = Release|Any CPU
		{152B93A4-3A8F-4D48-B426-27E206994317}.Release|Any CPU.Build.0 = Release|Any CPU
		{152B93A4-3A8F-4D48-B426-27E206994317}.Release|x64.ActiveCfg = Release|Any CPU
		{152B93A4-3A8F-4D48-B426-27E206994317}.Release|x64.Build.0 = Release|Any CPU
		{152B93A4-3A8F-4D48-B426-27E206994317}.Release|x86.ActiveCfg = Release|Any CPU
		{152B93A4-3A8F-4D48-B426-27E206994317}.Release|x86.Build.0 = Release|Any CPU
		{B494DEDE-2F37-4BFB-9BC8-BCBDD793987F}.Debug|Any CPU.ActiveCfg = Debug|Any CPU
		{B494DEDE-2F37-4BFB-9BC8-BCBDD793987F}.Debug|Any CPU.Build.0 = Debug|Any CPU
		{B494DEDE-2F37-4BFB-9BC8-BCBDD793987F}.Debug|x64.ActiveCfg = Debug|Any CPU
		{B494DEDE-2F37-4BFB-9BC8-BCBDD793987F}.Debug|x64.Build.0 = Debug|Any CPU
		{B494DEDE-2F37-4BFB-9BC8-BCBDD793987F}.Debug|x86.ActiveCfg = Debug|Any CPU
		{B494DEDE-2F37-4BFB-9BC8-BCBDD793987F}.Debug|x86.Build.0 = Debug|Any CPU
		{B494DEDE-2F37-4BFB-9BC8-BCBDD793987F}.Release|Any CPU.ActiveCfg = Release|Any CPU
		{B494DEDE-2F37-4BFB-9BC8-BCBDD793987F}.Release|Any CPU.Build.0 = Release|Any CPU
		{B494DEDE-2F37-4BFB-9BC8-BCBDD793987F}.Release|x64.ActiveCfg = Release|Any CPU
		{B494DEDE-2F37-4BFB-9BC8-BCBDD793987F}.Release|x64.Build.0 = Release|Any CPU
		{B494DEDE-2F37-4BFB-9BC8-BCBDD793987F}.Release|x86.ActiveCfg = Release|Any CPU
		{B494DEDE-2F37-4BFB-9BC8-BCBDD793987F}.Release|x86.Build.0 = Release|Any CPU
		{2B9D682C-FC57-46C6-90A2-C373AAFDEC5C}.Debug|Any CPU.ActiveCfg = Debug|Any CPU
		{2B9D682C-FC57-46C6-90A2-C373AAFDEC5C}.Debug|Any CPU.Build.0 = Debug|Any CPU
		{2B9D682C-FC57-46C6-90A2-C373AAFDEC5C}.Debug|x64.ActiveCfg = Debug|Any CPU
		{2B9D682C-FC57-46C6-90A2-C373AAFDEC5C}.Debug|x64.Build.0 = Debug|Any CPU
		{2B9D682C-FC57-46C6-90A2-C373AAFDEC5C}.Debug|x86.ActiveCfg = Debug|Any CPU
		{2B9D682C-FC57-46C6-90A2-C373AAFDEC5C}.Debug|x86.Build.0 = Debug|Any CPU
		{2B9D682C-FC57-46C6-90A2-C373AAFDEC5C}.Release|Any CPU.ActiveCfg = Release|Any CPU
		{2B9D682C-FC57-46C6-90A2-C373AAFDEC5C}.Release|Any CPU.Build.0 = Release|Any CPU
		{2B9D682C-FC57-46C6-90A2-C373AAFDEC5C}.Release|x64.ActiveCfg = Release|Any CPU
		{2B9D682C-FC57-46C6-90A2-C373AAFDEC5C}.Release|x64.Build.0 = Release|Any CPU
		{2B9D682C-FC57-46C6-90A2-C373AAFDEC5C}.Release|x86.ActiveCfg = Release|Any CPU
		{2B9D682C-FC57-46C6-90A2-C373AAFDEC5C}.Release|x86.Build.0 = Release|Any CPU
		{EC25B475-5EA5-486B-B7ED-F7DDFBB3D579}.Debug|Any CPU.ActiveCfg = Debug|Any CPU
		{EC25B475-5EA5-486B-B7ED-F7DDFBB3D579}.Debug|Any CPU.Build.0 = Debug|Any CPU
		{EC25B475-5EA5-486B-B7ED-F7DDFBB3D579}.Debug|x64.ActiveCfg = Debug|Any CPU
		{EC25B475-5EA5-486B-B7ED-F7DDFBB3D579}.Debug|x64.Build.0 = Debug|Any CPU
		{EC25B475-5EA5-486B-B7ED-F7DDFBB3D579}.Debug|x86.ActiveCfg = Debug|Any CPU
		{EC25B475-5EA5-486B-B7ED-F7DDFBB3D579}.Debug|x86.Build.0 = Debug|Any CPU
		{EC25B475-5EA5-486B-B7ED-F7DDFBB3D579}.Release|Any CPU.ActiveCfg = Release|Any CPU
		{EC25B475-5EA5-486B-B7ED-F7DDFBB3D579}.Release|Any CPU.Build.0 = Release|Any CPU
		{EC25B475-5EA5-486B-B7ED-F7DDFBB3D579}.Release|x64.ActiveCfg = Release|Any CPU
		{EC25B475-5EA5-486B-B7ED-F7DDFBB3D579}.Release|x64.Build.0 = Release|Any CPU
		{EC25B475-5EA5-486B-B7ED-F7DDFBB3D579}.Release|x86.ActiveCfg = Release|Any CPU
		{EC25B475-5EA5-486B-B7ED-F7DDFBB3D579}.Release|x86.Build.0 = Release|Any CPU
		{9AF03284-B75D-4830-A62B-D91FF8457ED9}.Debug|Any CPU.ActiveCfg = Debug|Any CPU
		{9AF03284-B75D-4830-A62B-D91FF8457ED9}.Debug|Any CPU.Build.0 = Debug|Any CPU
		{9AF03284-B75D-4830-A62B-D91FF8457ED9}.Debug|x64.ActiveCfg = Debug|Any CPU
		{9AF03284-B75D-4830-A62B-D91FF8457ED9}.Debug|x64.Build.0 = Debug|Any CPU
		{9AF03284-B75D-4830-A62B-D91FF8457ED9}.Debug|x86.ActiveCfg = Debug|Any CPU
		{9AF03284-B75D-4830-A62B-D91FF8457ED9}.Debug|x86.Build.0 = Debug|Any CPU
		{9AF03284-B75D-4830-A62B-D91FF8457ED9}.Release|Any CPU.ActiveCfg = Release|Any CPU
		{9AF03284-B75D-4830-A62B-D91FF8457ED9}.Release|Any CPU.Build.0 = Release|Any CPU
		{9AF03284-B75D-4830-A62B-D91FF8457ED9}.Release|x64.ActiveCfg = Release|Any CPU
		{9AF03284-B75D-4830-A62B-D91FF8457ED9}.Release|x64.Build.0 = Release|Any CPU
		{9AF03284-B75D-4830-A62B-D91FF8457ED9}.Release|x86.ActiveCfg = Release|Any CPU
		{9AF03284-B75D-4830-A62B-D91FF8457ED9}.Release|x86.Build.0 = Release|Any CPU
		{17BFE37A-7AEE-44E0-937E-A78A83F6439E}.Debug|Any CPU.ActiveCfg = Debug|Any CPU
		{17BFE37A-7AEE-44E0-937E-A78A83F6439E}.Debug|Any CPU.Build.0 = Debug|Any CPU
		{17BFE37A-7AEE-44E0-937E-A78A83F6439E}.Debug|x64.ActiveCfg = Debug|Any CPU
		{17BFE37A-7AEE-44E0-937E-A78A83F6439E}.Debug|x64.Build.0 = Debug|Any CPU
		{17BFE37A-7AEE-44E0-937E-A78A83F6439E}.Debug|x86.ActiveCfg = Debug|Any CPU
		{17BFE37A-7AEE-44E0-937E-A78A83F6439E}.Debug|x86.Build.0 = Debug|Any CPU
		{17BFE37A-7AEE-44E0-937E-A78A83F6439E}.Release|Any CPU.ActiveCfg = Release|Any CPU
		{17BFE37A-7AEE-44E0-937E-A78A83F6439E}.Release|Any CPU.Build.0 = Release|Any CPU
		{17BFE37A-7AEE-44E0-937E-A78A83F6439E}.Release|x64.ActiveCfg = Release|Any CPU
		{17BFE37A-7AEE-44E0-937E-A78A83F6439E}.Release|x64.Build.0 = Release|Any CPU
		{17BFE37A-7AEE-44E0-937E-A78A83F6439E}.Release|x86.ActiveCfg = Release|Any CPU
		{17BFE37A-7AEE-44E0-937E-A78A83F6439E}.Release|x86.Build.0 = Release|Any CPU
	EndGlobalSection
EndGlobal
