
Microsoft Visual Studio Solution File, Format Version 12.00
# Visual Studio 15
VisualStudioVersion = 15.0.26124.0
MinimumVisualStudioVersion = 15.0.26124.0
Project("{FAE04EC0-301F-11D3-BF4B-00C04F79EFBC}") = "Section2.ConversionOperators", "Section2.ConversionOperators\Section2.ConversionOperators.csproj", "{FC5352EF-E888-4273-97F5-B326DD62EB51}"
EndProject
Project("{FAE04EC0-301F-11D3-BF4B-00C04F79EFBC}") = "Section2.ConversionOperators.Tests", "Section2.ConversionOperators.Tests\Section2.ConversionOperators.Tests.csproj", "{099D0565-CF38-417A-B83B-1E03B86D73B1}"
EndProject
Global
	GlobalSection(SolutionConfigurationPlatforms) = preSolution
		Debug|Any CPU = Debug|Any CPU
		Debug|x64 = Debug|x64
		Debug|x86 = Debug|x86
		Release|Any CPU = Release|Any CPU
		Release|x64 = Release|x64
		Release|x86 = Release|x86
	EndGlobalSection
	GlobalSection(SolutionProperties) = preSolution
		HideSolutionNode = FALSE
	EndGlobalSection
	GlobalSection(ProjectConfigurationPlatforms) = postSolution
		{FC5352EF-E888-4273-97F5-B326DD62EB51}.Debug|Any CPU.ActiveCfg = Debug|Any CPU
		{FC5352EF-E888-4273-97F5-B326DD62EB51}.Debug|Any CPU.Build.0 = Debug|Any CPU
		{FC5352EF-E888-4273-97F5-B326DD62EB51}.Debug|x64.ActiveCfg = Debug|Any CPU
		{FC5352EF-E888-4273-97F5-B326DD62EB51}.Debug|x64.Build.0 = Debug|Any CPU
		{FC5352EF-E888-4273-97F5-B326DD62EB51}.Debug|x86.ActiveCfg = Debug|Any CPU
		{FC5352EF-E888-4273-97F5-B326DD62EB51}.Debug|x86.Build.0 = Debug|Any CPU
		{FC5352EF-E888-4273-97F5-B326DD62EB51}.Release|Any CPU.ActiveCfg = Release|Any CPU
		{FC5352EF-E888-4273-97F5-B326DD62EB51}.Release|Any CPU.Build.0 = Release|Any CPU
		{FC5352EF-E888-4273-97F5-B326DD62EB51}.Release|x64.ActiveCfg = Release|Any CPU
		{FC5352EF-E888-4273-97F5-B326DD62EB51}.Release|x64.Build.0 = Release|Any CPU
		{FC5352EF-E888-4273-97F5-B326DD62EB51}.Release|x86.ActiveCfg = Release|Any CPU
		{FC5352EF-E888-4273-97F5-B326DD62EB51}.Release|x86.Build.0 = Release|Any CPU
		{099D0565-CF38-417A-B83B-1E03B86D73B1}.Debug|Any CPU.ActiveCfg = Debug|Any CPU
		{099D0565-CF38-417A-B83B-1E03B86D73B1}.Debug|Any CPU.Build.0 = Debug|Any CPU
		{099D0565-CF38-417A-B83B-1E03B86D73B1}.Debug|x64.ActiveCfg = Debug|Any CPU
		{099D0565-CF38-417A-B83B-1E03B86D73B1}.Debug|x64.Build.0 = Debug|Any CPU
		{099D0565-CF38-417A-B83B-1E03B86D73B1}.Debug|x86.ActiveCfg = Debug|Any CPU
		{099D0565-CF38-417A-B83B-1E03B86D73B1}.Debug|x86.Build.0 = Debug|Any CPU
		{099D0565-CF38-417A-B83B-1E03B86D73B1}.Release|Any CPU.ActiveCfg = Release|Any CPU
		{099D0565-CF38-417A-B83B-1E03B86D73B1}.Release|Any CPU.Build.0 = Release|Any CPU
		{099D0565-CF38-417A-B83B-1E03B86D73B1}.Release|x64.ActiveCfg = Release|Any CPU
		{099D0565-CF38-417A-B83B-1E03B86D73B1}.Release|x64.Build.0 = Release|Any CPU
		{099D0565-CF38-417A-B83B-1E03B86D73B1}.Release|x86.ActiveCfg = Release|Any CPU
		{099D0565-CF38-417A-B83B-1E03B86D73B1}.Release|x86.Build.0 = Release|Any CPU
	EndGlobalSection
EndGlobal
