
Microsoft Visual Studio Solution File, Format Version 12.00
# Visual Studio 15
VisualStudioVersion = 15.0.26124.0
MinimumVisualStudioVersion = 15.0.26124.0
Project("{FAE04EC0-301F-11D3-BF4B-00C04F79EFBC}") = "Algorithms.SearchingTheLowest", "Algorithms.SearchingTheLowest\Algorithms.SearchingTheLowest.csproj", "{CF3B398F-86F2-4433-8355-2ABF1FF2348A}"
EndProject
Project("{FAE04EC0-301F-11D3-BF4B-00C04F79EFBC}") = "Algorithms.SelectionSort", "Algorithms.SelectionSort\Algorithms.SelectionSort.csproj", "{8BAED19D-A3D5-4E8A-9BAE-505E69432BE5}"
EndProject
Project("{FAE04EC0-301F-11D3-BF4B-00C04F79EFBC}") = "Algorithms.InsertionSort", "Algorithms.InsertionSort\Algorithms.InsertionSort.csproj", "{5128A5C1-DC43-4EAB-991B-EC3457D87BA2}"
EndProject
Global
	GlobalSection(SolutionConfigurationPlatforms) = preSolution
		Debug|Any CPU = Debug|Any CPU
		Debug|x64 = Debug|x64
		Debug|x86 = Debug|x86
		Release|Any CPU = Release|Any CPU
		Release|x64 = Release|x64
		Release|x86 = Release|x86
	EndGlobalSection
	GlobalSection(SolutionProperties) = preSolution
		HideSolutionNode = FALSE
	EndGlobalSection
	GlobalSection(ProjectConfigurationPlatforms) = postSolution
		{CF3B398F-86F2-4433-8355-2ABF1FF2348A}.Debug|Any CPU.ActiveCfg = Debug|Any CPU
		{CF3B398F-86F2-4433-8355-2ABF1FF2348A}.Debug|Any CPU.Build.0 = Debug|Any CPU
		{CF3B398F-86F2-4433-8355-2ABF1FF2348A}.Debug|x64.ActiveCfg = Debug|Any CPU
		{CF3B398F-86F2-4433-8355-2ABF1FF2348A}.Debug|x64.Build.0 = Debug|Any CPU
		{CF3B398F-86F2-4433-8355-2ABF1FF2348A}.Debug|x86.ActiveCfg = Debug|Any CPU
		{CF3B398F-86F2-4433-8355-2ABF1FF2348A}.Debug|x86.Build.0 = Debug|Any CPU
		{CF3B398F-86F2-4433-8355-2ABF1FF2348A}.Release|Any CPU.ActiveCfg = Release|Any CPU
		{CF3B398F-86F2-4433-8355-2ABF1FF2348A}.Release|Any CPU.Build.0 = Release|Any CPU
		{CF3B398F-86F2-4433-8355-2ABF1FF2348A}.Release|x64.ActiveCfg = Release|Any CPU
		{CF3B398F-86F2-4433-8355-2ABF1FF2348A}.Release|x64.Build.0 = Release|Any CPU
		{CF3B398F-86F2-4433-8355-2ABF1FF2348A}.Release|x86.ActiveCfg = Release|Any CPU
		{CF3B398F-86F2-4433-8355-2ABF1FF2348A}.Release|x86.Build.0 = Release|Any CPU
		{8BAED19D-A3D5-4E8A-9BAE-505E69432BE5}.Debug|Any CPU.ActiveCfg = Debug|Any CPU
		{8BAED19D-A3D5-4E8A-9BAE-505E69432BE5}.Debug|Any CPU.Build.0 = Debug|Any CPU
		{8BAED19D-A3D5-4E8A-9BAE-505E69432BE5}.Debug|x64.ActiveCfg = Debug|Any CPU
		{8BAED19D-A3D5-4E8A-9BAE-505E69432BE5}.Debug|x64.Build.0 = Debug|Any CPU
		{8BAED19D-A3D5-4E8A-9BAE-505E69432BE5}.Debug|x86.ActiveCfg = Debug|Any CPU
		{8BAED19D-A3D5-4E8A-9BAE-505E69432BE5}.Debug|x86.Build.0 = Debug|Any CPU
		{8BAED19D-A3D5-4E8A-9BAE-505E69432BE5}.Release|Any CPU.ActiveCfg = Release|Any CPU
		{8BAED19D-A3D5-4E8A-9BAE-505E69432BE5}.Release|Any CPU.Build.0 = Release|Any CPU
		{8BAED19D-A3D5-4E8A-9BAE-505E69432BE5}.Release|x64.ActiveCfg = Release|Any CPU
		{8BAED19D-A3D5-4E8A-9BAE-505E69432BE5}.Release|x64.Build.0 = Release|Any CPU
		{8BAED19D-A3D5-4E8A-9BAE-505E69432BE5}.Release|x86.ActiveCfg = Release|Any CPU
		{8BAED19D-A3D5-4E8A-9BAE-505E69432BE5}.Release|x86.Build.0 = Release|Any CPU
		{5128A5C1-DC43-4EAB-991B-EC3457D87BA2}.Debug|Any CPU.ActiveCfg = Debug|Any CPU
		{5128A5C1-DC43-4EAB-991B-EC3457D87BA2}.Debug|Any CPU.Build.0 = Debug|Any CPU
		{5128A5C1-DC43-4EAB-991B-EC3457D87BA2}.Debug|x64.ActiveCfg = Debug|Any CPU
		{5128A5C1-DC43-4EAB-991B-EC3457D87BA2}.Debug|x64.Build.0 = Debug|Any CPU
		{5128A5C1-DC43-4EAB-991B-EC3457D87BA2}.Debug|x86.ActiveCfg = Debug|Any CPU
		{5128A5C1-DC43-4EAB-991B-EC3457D87BA2}.Debug|x86.Build.0 = Debug|Any CPU
		{5128A5C1-DC43-4EAB-991B-EC3457D87BA2}.Release|Any CPU.ActiveCfg = Release|Any CPU
		{5128A5C1-DC43-4EAB-991B-EC3457D87BA2}.Release|Any CPU.Build.0 = Release|Any CPU
		{5128A5C1-DC43-4EAB-991B-EC3457D87BA2}.Release|x64.ActiveCfg = Release|Any CPU
		{5128A5C1-DC43-4EAB-991B-EC3457D87BA2}.Release|x64.Build.0 = Release|Any CPU
		{5128A5C1-DC43-4EAB-991B-EC3457D87BA2}.Release|x86.ActiveCfg = Release|Any CPU
		{5128A5C1-DC43-4EAB-991B-EC3457D87BA2}.Release|x86.Build.0 = Release|Any CPU
	EndGlobalSection
EndGlobal
