
Microsoft Visual Studio Solution File, Format Version 12.00
# Visual Studio Version 16
VisualStudioVersion = 16.0.29709.97
MinimumVisualStudioVersion = 10.0.40219.1
Project("{FAE04EC0-301F-11D3-BF4B-00C04F79EFBC}") = "ApplicationStartAndEnd", "ApplicationStartAndEnd\ApplicationStartAndEnd.csproj", "{36E31AF6-FE62-45D7-AC53-FDC301F8C527}"
EndProject
Project("{FAE04EC0-301F-11D3-BF4B-00C04F79EFBC}") = "PreApplicationStartMethod", "PreApplicationStartMethod\PreApplicationStartMethod.csproj", "{3F59D247-4719-44D1-9B51-467D3CD4F529}"
EndProject
Global
	GlobalSection(SolutionConfigurationPlatforms) = preSolution
		Debug|Any CPU = Debug|Any CPU
		Release|Any CPU = Release|Any CPU
	EndGlobalSection
	GlobalSection(ProjectConfigurationPlatforms) = postSolution
		{36E31AF6-FE62-45D7-AC53-FDC301F8C527}.Debug|Any CPU.ActiveCfg = Debug|Any CPU
		{36E31AF6-FE62-45D7-AC53-FDC301F8C527}.Debug|Any CPU.Build.0 = Debug|Any CPU
		{36E31AF6-FE62-45D7-AC53-FDC301F8C527}.Release|Any CPU.ActiveCfg = Release|Any CPU
		{36E31AF6-FE62-45D7-AC53-FDC301F8C527}.Release|Any CPU.Build.0 = Release|Any CPU
		{3F59D247-4719-44D1-9B51-467D3CD4F529}.Debug|Any CPU.ActiveCfg = Debug|Any CPU
		{3F59D247-4719-44D1-9B51-467D3CD4F529}.Debug|Any CPU.Build.0 = Debug|Any CPU
		{3F59D247-4719-44D1-9B51-467D3CD4F529}.Release|Any CPU.ActiveCfg = Release|Any CPU
		{3F59D247-4719-44D1-9B51-467D3CD4F529}.Release|Any CPU.Build.0 = Release|Any CPU
	EndGlobalSection
	GlobalSection(SolutionProperties) = preSolution
		HideSolutionNode = FALSE
	EndGlobalSection
	GlobalSection(ExtensibilityGlobals) = postSolution
		SolutionGuid = {5D059CD5-5855-4F64-8F90-E9DA432AD268}
	EndGlobalSection
EndGlobal
