
Microsoft Visual Studio Solution File, Format Version 12.00
# Visual Studio 15
VisualStudioVersion = 15.0.26124.0
MinimumVisualStudioVersion = 15.0.26124.0
Project("{FAE04EC0-301F-11D3-BF4B-00C04F79EFBC}") = "Section1.LinqToObject", "Section1.LinqToObject\Section1.LinqToObject.csproj", "{0F3769F6-4563-4C67-B12E-1B9D1F24D29C}"
EndProject
Project("{FAE04EC0-301F-11D3-BF4B-00C04F79EFBC}") = "Section1.LinqToObjectTests", "Section1.LinqToObjectTests\Section1.LinqToObjectTests.csproj", "{7FA7FDF7-F721-4581-BFDE-3DD87C767146}"
EndProject
Global
	GlobalSection(SolutionConfigurationPlatforms) = preSolution
		Debug|Any CPU = Debug|Any CPU
		Debug|x64 = Debug|x64
		Debug|x86 = Debug|x86
		Release|Any CPU = Release|Any CPU
		Release|x64 = Release|x64
		Release|x86 = Release|x86
	EndGlobalSection
	GlobalSection(SolutionProperties) = preSolution
		HideSolutionNode = FALSE
	EndGlobalSection
	GlobalSection(ProjectConfigurationPlatforms) = postSolution
		{0F3769F6-4563-4C67-B12E-1B9D1F24D29C}.Debug|Any CPU.ActiveCfg = Debug|Any CPU
		{0F3769F6-4563-4C67-B12E-1B9D1F24D29C}.Debug|Any CPU.Build.0 = Debug|Any CPU
		{0F3769F6-4563-4C67-B12E-1B9D1F24D29C}.Debug|x64.ActiveCfg = Debug|Any CPU
		{0F3769F6-4563-4C67-B12E-1B9D1F24D29C}.Debug|x64.Build.0 = Debug|Any CPU
		{0F3769F6-4563-4C67-B12E-1B9D1F24D29C}.Debug|x86.ActiveCfg = Debug|Any CPU
		{0F3769F6-4563-4C67-B12E-1B9D1F24D29C}.Debug|x86.Build.0 = Debug|Any CPU
		{0F3769F6-4563-4C67-B12E-1B9D1F24D29C}.Release|Any CPU.ActiveCfg = Release|Any CPU
		{0F3769F6-4563-4C67-B12E-1B9D1F24D29C}.Release|Any CPU.Build.0 = Release|Any CPU
		{0F3769F6-4563-4C67-B12E-1B9D1F24D29C}.Release|x64.ActiveCfg = Release|Any CPU
		{0F3769F6-4563-4C67-B12E-1B9D1F24D29C}.Release|x64.Build.0 = Release|Any CPU
		{0F3769F6-4563-4C67-B12E-1B9D1F24D29C}.Release|x86.ActiveCfg = Release|Any CPU
		{0F3769F6-4563-4C67-B12E-1B9D1F24D29C}.Release|x86.Build.0 = Release|Any CPU
		{7FA7FDF7-F721-4581-BFDE-3DD87C767146}.Debug|Any CPU.ActiveCfg = Debug|Any CPU
		{7FA7FDF7-F721-4581-BFDE-3DD87C767146}.Debug|Any CPU.Build.0 = Debug|Any CPU
		{7FA7FDF7-F721-4581-BFDE-3DD87C767146}.Debug|x64.ActiveCfg = Debug|Any CPU
		{7FA7FDF7-F721-4581-BFDE-3DD87C767146}.Debug|x64.Build.0 = Debug|Any CPU
		{7FA7FDF7-F721-4581-BFDE-3DD87C767146}.Debug|x86.ActiveCfg = Debug|Any CPU
		{7FA7FDF7-F721-4581-BFDE-3DD87C767146}.Debug|x86.Build.0 = Debug|Any CPU
		{7FA7FDF7-F721-4581-BFDE-3DD87C767146}.Release|Any CPU.ActiveCfg = Release|Any CPU
		{7FA7FDF7-F721-4581-BFDE-3DD87C767146}.Release|Any CPU.Build.0 = Release|Any CPU
		{7FA7FDF7-F721-4581-BFDE-3DD87C767146}.Release|x64.ActiveCfg = Release|Any CPU
		{7FA7FDF7-F721-4581-BFDE-3DD87C767146}.Release|x64.Build.0 = Release|Any CPU
		{7FA7FDF7-F721-4581-BFDE-3DD87C767146}.Release|x86.ActiveCfg = Release|Any CPU
		{7FA7FDF7-F721-4581-BFDE-3DD87C767146}.Release|x86.Build.0 = Release|Any CPU
	EndGlobalSection
EndGlobal
