
Microsoft Visual Studio Solution File, Format Version 12.00
# Visual Studio Version 16
VisualStudioVersion = 16.0.29728.190
MinimumVisualStudioVersion = 10.0.40219.1
Project("{FAE04EC0-301F-11D3-BF4B-00C04F79EFBC}") = "ByteBank.Web", "ByteBank.Web\ByteBank.Web.csproj", "{6DCE5D22-6E54-4BFF-B59F-D8C6FE9FF974}"
EndProject
Global
	GlobalSection(SolutionConfigurationPlatforms) = preSolution
		Debug|Any CPU = Debug|Any CPU
		Release|Any CPU = Release|Any CPU
	EndGlobalSection
	GlobalSection(ProjectConfigurationPlatforms) = postSolution
		{6DCE5D22-6E54-4BFF-B59F-D8C6FE9FF974}.Debug|Any CPU.ActiveCfg = Debug|Any CPU
		{6DCE5D22-6E54-4BFF-B59F-D8C6FE9FF974}.Debug|Any CPU.Build.0 = Debug|Any CPU
		{6DCE5D22-6E54-4BFF-B59F-D8C6FE9FF974}.Release|Any CPU.ActiveCfg = Release|Any CPU
		{6DCE5D22-6E54-4BFF-B59F-D8C6FE9FF974}.Release|Any CPU.Build.0 = Release|Any CPU
	EndGlobalSection
	GlobalSection(SolutionProperties) = preSolution
		HideSolutionNode = FALSE
	EndGlobalSection
	GlobalSection(ExtensibilityGlobals) = postSolution
		SolutionGuid = {E73FBFE5-2503-40EB-9CC3-CB2EB51D1007}
	EndGlobalSection
EndGlobal
