
Microsoft Visual Studio Solution File, Format Version 12.00
# Visual Studio 15
VisualStudioVersion = 15.0.26124.0
MinimumVisualStudioVersion = 15.0.26124.0
Project("{FAE04EC0-301F-11D3-BF4B-00C04F79EFBC}") = "Section8.ReadAndWriteBytesIntoFile", "Section8.ReadAndWriteBytesIntoFile\Section8.ReadAndWriteBytesIntoFile.csproj", "{42D22000-B246-4346-926C-F5C1B5721A86}"
EndProject
Project("{FAE04EC0-301F-11D3-BF4B-00C04F79EFBC}") = "Section8.ReadAndWriteStringsIntoFile", "Section8.ReadAndWriteStringsIntoFile\Section8.ReadAndWriteStringsIntoFile.csproj", "{F5608F0B-5EB8-4BCF-BB9F-3CA171C19E3B}"
EndProject
Project("{FAE04EC0-301F-11D3-BF4B-00C04F79EFBC}") = "Section8.HandleFiles", "Section8.HandleFiles\Section8.HandleFiles.csproj", "{D8B99E25-1482-4A8A-81B5-797737050468}"
EndProject
Project("{FAE04EC0-301F-11D3-BF4B-00C04F79EFBC}") = "Section8.AccessingTheWebAsynchronously", "Section8.AccessingTheWebAsynchronously\Section8.AccessingTheWebAsynchronously.csproj", "{7FDE83C3-DFC8-46EC-8C53-09D3DBEB340C}"
EndProject
Project("{FAE04EC0-301F-11D3-BF4B-00C04F79EFBC}") = "Section8.ReadingAndUpdatingDatabase", "Section8.ReadingAndUpdatingDatabase\Section8.ReadingAndUpdatingDatabase.csproj", "{C3E3FBF9-707E-44ED-8E5C-DF15E6E68E6B}"
EndProject
Global
	GlobalSection(SolutionConfigurationPlatforms) = preSolution
		Debug|Any CPU = Debug|Any CPU
		Debug|x64 = Debug|x64
		Debug|x86 = Debug|x86
		Release|Any CPU = Release|Any CPU
		Release|x64 = Release|x64
		Release|x86 = Release|x86
	EndGlobalSection
	GlobalSection(SolutionProperties) = preSolution
		HideSolutionNode = FALSE
	EndGlobalSection
	GlobalSection(ProjectConfigurationPlatforms) = postSolution
		{42D22000-B246-4346-926C-F5C1B5721A86}.Debug|Any CPU.ActiveCfg = Debug|Any CPU
		{42D22000-B246-4346-926C-F5C1B5721A86}.Debug|Any CPU.Build.0 = Debug|Any CPU
		{42D22000-B246-4346-926C-F5C1B5721A86}.Debug|x64.ActiveCfg = Debug|Any CPU
		{42D22000-B246-4346-926C-F5C1B5721A86}.Debug|x64.Build.0 = Debug|Any CPU
		{42D22000-B246-4346-926C-F5C1B5721A86}.Debug|x86.ActiveCfg = Debug|Any CPU
		{42D22000-B246-4346-926C-F5C1B5721A86}.Debug|x86.Build.0 = Debug|Any CPU
		{42D22000-B246-4346-926C-F5C1B5721A86}.Release|Any CPU.ActiveCfg = Release|Any CPU
		{42D22000-B246-4346-926C-F5C1B5721A86}.Release|Any CPU.Build.0 = Release|Any CPU
		{42D22000-B246-4346-926C-F5C1B5721A86}.Release|x64.ActiveCfg = Release|Any CPU
		{42D22000-B246-4346-926C-F5C1B5721A86}.Release|x64.Build.0 = Release|Any CPU
		{42D22000-B246-4346-926C-F5C1B5721A86}.Release|x86.ActiveCfg = Release|Any CPU
		{42D22000-B246-4346-926C-F5C1B5721A86}.Release|x86.Build.0 = Release|Any CPU
		{F5608F0B-5EB8-4BCF-BB9F-3CA171C19E3B}.Debug|Any CPU.ActiveCfg = Debug|Any CPU
		{F5608F0B-5EB8-4BCF-BB9F-3CA171C19E3B}.Debug|Any CPU.Build.0 = Debug|Any CPU
		{F5608F0B-5EB8-4BCF-BB9F-3CA171C19E3B}.Debug|x64.ActiveCfg = Debug|Any CPU
		{F5608F0B-5EB8-4BCF-BB9F-3CA171C19E3B}.Debug|x64.Build.0 = Debug|Any CPU
		{F5608F0B-5EB8-4BCF-BB9F-3CA171C19E3B}.Debug|x86.ActiveCfg = Debug|Any CPU
		{F5608F0B-5EB8-4BCF-BB9F-3CA171C19E3B}.Debug|x86.Build.0 = Debug|Any CPU
		{F5608F0B-5EB8-4BCF-BB9F-3CA171C19E3B}.Release|Any CPU.ActiveCfg = Release|Any CPU
		{F5608F0B-5EB8-4BCF-BB9F-3CA171C19E3B}.Release|Any CPU.Build.0 = Release|Any CPU
		{F5608F0B-5EB8-4BCF-BB9F-3CA171C19E3B}.Release|x64.ActiveCfg = Release|Any CPU
		{F5608F0B-5EB8-4BCF-BB9F-3CA171C19E3B}.Release|x64.Build.0 = Release|Any CPU
		{F5608F0B-5EB8-4BCF-BB9F-3CA171C19E3B}.Release|x86.ActiveCfg = Release|Any CPU
		{F5608F0B-5EB8-4BCF-BB9F-3CA171C19E3B}.Release|x86.Build.0 = Release|Any CPU
		{D8B99E25-1482-4A8A-81B5-797737050468}.Debug|Any CPU.ActiveCfg = Debug|Any CPU
		{D8B99E25-1482-4A8A-81B5-797737050468}.Debug|Any CPU.Build.0 = Debug|Any CPU
		{D8B99E25-1482-4A8A-81B5-797737050468}.Debug|x64.ActiveCfg = Debug|Any CPU
		{D8B99E25-1482-4A8A-81B5-797737050468}.Debug|x64.Build.0 = Debug|Any CPU
		{D8B99E25-1482-4A8A-81B5-797737050468}.Debug|x86.ActiveCfg = Debug|Any CPU
		{D8B99E25-1482-4A8A-81B5-797737050468}.Debug|x86.Build.0 = Debug|Any CPU
		{D8B99E25-1482-4A8A-81B5-797737050468}.Release|Any CPU.ActiveCfg = Release|Any CPU
		{D8B99E25-1482-4A8A-81B5-797737050468}.Release|Any CPU.Build.0 = Release|Any CPU
		{D8B99E25-1482-4A8A-81B5-797737050468}.Release|x64.ActiveCfg = Release|Any CPU
		{D8B99E25-1482-4A8A-81B5-797737050468}.Release|x64.Build.0 = Release|Any CPU
		{D8B99E25-1482-4A8A-81B5-797737050468}.Release|x86.ActiveCfg = Release|Any CPU
		{D8B99E25-1482-4A8A-81B5-797737050468}.Release|x86.Build.0 = Release|Any CPU
		{7FDE83C3-DFC8-46EC-8C53-09D3DBEB340C}.Debug|Any CPU.ActiveCfg = Debug|Any CPU
		{7FDE83C3-DFC8-46EC-8C53-09D3DBEB340C}.Debug|Any CPU.Build.0 = Debug|Any CPU
		{7FDE83C3-DFC8-46EC-8C53-09D3DBEB340C}.Debug|x64.ActiveCfg = Debug|Any CPU
		{7FDE83C3-DFC8-46EC-8C53-09D3DBEB340C}.Debug|x64.Build.0 = Debug|Any CPU
		{7FDE83C3-DFC8-46EC-8C53-09D3DBEB340C}.Debug|x86.ActiveCfg = Debug|Any CPU
		{7FDE83C3-DFC8-46EC-8C53-09D3DBEB340C}.Debug|x86.Build.0 = Debug|Any CPU
		{7FDE83C3-DFC8-46EC-8C53-09D3DBEB340C}.Release|Any CPU.ActiveCfg = Release|Any CPU
		{7FDE83C3-DFC8-46EC-8C53-09D3DBEB340C}.Release|Any CPU.Build.0 = Release|Any CPU
		{7FDE83C3-DFC8-46EC-8C53-09D3DBEB340C}.Release|x64.ActiveCfg = Release|Any CPU
		{7FDE83C3-DFC8-46EC-8C53-09D3DBEB340C}.Release|x64.Build.0 = Release|Any CPU
		{7FDE83C3-DFC8-46EC-8C53-09D3DBEB340C}.Release|x86.ActiveCfg = Release|Any CPU
		{7FDE83C3-DFC8-46EC-8C53-09D3DBEB340C}.Release|x86.Build.0 = Release|Any CPU
		{C3E3FBF9-707E-44ED-8E5C-DF15E6E68E6B}.Debug|Any CPU.ActiveCfg = Debug|Any CPU
		{C3E3FBF9-707E-44ED-8E5C-DF15E6E68E6B}.Debug|Any CPU.Build.0 = Debug|Any CPU
		{C3E3FBF9-707E-44ED-8E5C-DF15E6E68E6B}.Debug|x64.ActiveCfg = Debug|Any CPU
		{C3E3FBF9-707E-44ED-8E5C-DF15E6E68E6B}.Debug|x64.Build.0 = Debug|Any CPU
		{C3E3FBF9-707E-44ED-8E5C-DF15E6E68E6B}.Debug|x86.ActiveCfg = Debug|Any CPU
		{C3E3FBF9-707E-44ED-8E5C-DF15E6E68E6B}.Debug|x86.Build.0 = Debug|Any CPU
		{C3E3FBF9-707E-44ED-8E5C-DF15E6E68E6B}.Release|Any CPU.ActiveCfg = Release|Any CPU
		{C3E3FBF9-707E-44ED-8E5C-DF15E6E68E6B}.Release|Any CPU.Build.0 = Release|Any CPU
		{C3E3FBF9-707E-44ED-8E5C-DF15E6E68E6B}.Release|x64.ActiveCfg = Release|Any CPU
		{C3E3FBF9-707E-44ED-8E5C-DF15E6E68E6B}.Release|x64.Build.0 = Release|Any CPU
		{C3E3FBF9-707E-44ED-8E5C-DF15E6E68E6B}.Release|x86.ActiveCfg = Release|Any CPU
		{C3E3FBF9-707E-44ED-8E5C-DF15E6E68E6B}.Release|x86.Build.0 = Release|Any CPU
	EndGlobalSection
EndGlobal
